// !$*UTF8*$!
{
	archiveVersion = 1;
	classes = {
	};
	objectVersion = 50;
	objects = {

/* Begin PBXBuildFile section */
		3558A7A625CE2ECF00B3B565 /* AppDelegate.swift in Sources */ = {isa = PBXBuildFile; fileRef = 3558A7A525CE2ECF00B3B565 /* AppDelegate.swift */; };
		3558A7A825CE2ECF00B3B565 /* SceneDelegate.swift in Sources */ = {isa = PBXBuildFile; fileRef = 3558A7A725CE2ECF00B3B565 /* SceneDelegate.swift */; };
		3558A7AA25CE2ECF00B3B565 /* ViewController.swift in Sources */ = {isa = PBXBuildFile; fileRef = 3558A7A925CE2ECF00B3B565 /* ViewController.swift */; };
		3558A7AD25CE2ECF00B3B565 /* Main.storyboard in Resources */ = {isa = PBXBuildFile; fileRef = 3558A7AB25CE2ECF00B3B565 /* Main.storyboard */; };
		3558A7AF25CE2ED000B3B565 /* Assets.xcassets in Resources */ = {isa = PBXBuildFile; fileRef = 3558A7AE25CE2ED000B3B565 /* Assets.xcassets */; };
		3558A7B225CE2ED000B3B565 /* LaunchScreen.storyboard in Resources */ = {isa = PBXBuildFile; fileRef = 3558A7B025CE2ED000B3B565 /* LaunchScreen.storyboard */; };
		3558A7BD25CE2ED100B3B565 /* Dog_ApiTests.swift in Sources */ = {isa = PBXBuildFile; fileRef = 3558A7BC25CE2ED100B3B565 /* Dog_ApiTests.swift */; };
		3558A7C825CE2ED100B3B565 /* Dog_ApiUITests.swift in Sources */ = {isa = PBXBuildFile; fileRef = 3558A7C725CE2ED100B3B565 /* Dog_ApiUITests.swift */; };
		3558A7D925CE2FF400B3B565 /* DogImage.swift in Sources */ = {isa = PBXBuildFile; fileRef = 3558A7D825CE2FF400B3B565 /* DogImage.swift */; };
		3558A7DE25CF2D5400B3B565 /* Dog API.swift in Sources */ = {isa = PBXBuildFile; fileRef = 3558A7DD25CF2D5400B3B565 /* Dog API.swift */; };
/* End PBXBuildFile section */

/* Begin PBXContainerItemProxy section */
		3558A7B925CE2ED100B3B565 /* PBXContainerItemProxy */ = {
			isa = PBXContainerItemProxy;
			containerPortal = 3558A79A25CE2ECE00B3B565 /* Project object */;
			proxyType = 1;
			remoteGlobalIDString = 3558A7A125CE2ECE00B3B565;
			remoteInfo = "Dog Api";
		};
		3558A7C425CE2ED100B3B565 /* PBXContainerItemProxy */ = {
			isa = PBXContainerItemProxy;
			containerPortal = 3558A79A25CE2ECE00B3B565 /* Project object */;
			proxyType = 1;
			remoteGlobalIDString = 3558A7A125CE2ECE00B3B565;
			remoteInfo = "Dog Api";
		};
/* End PBXContainerItemProxy section */

/* Begin PBXFileReference section */
		3558A7A225CE2ECE00B3B565 /* Dog Api.app */ = {isa = PBXFileReference; explicitFileType = wrapper.application; includeInIndex = 0; path = "Dog Api.app"; sourceTree = BUILT_PRODUCTS_DIR; };
		3558A7A525CE2ECF00B3B565 /* AppDelegate.swift */ = {isa = PBXFileReference; lastKnownFileType = sourcecode.swift; path = AppDelegate.swift; sourceTree = "<group>"; };
		3558A7A725CE2ECF00B3B565 /* SceneDelegate.swift */ = {isa = PBXFileReference; lastKnownFileType = sourcecode.swift; path = SceneDelegate.swift; sourceTree = "<group>"; };
		3558A7A925CE2ECF00B3B565 /* ViewController.swift */ = {isa = PBXFileReference; lastKnownFileType = sourcecode.swift; path = ViewController.swift; sourceTree = "<group>"; };
		3558A7AC25CE2ECF00B3B565 /* Base */ = {isa = PBXFileReference; lastKnownFileType = file.storyboard; name = Base; path = Base.lproj/Main.storyboard; sourceTree = "<group>"; };
		3558A7AE25CE2ED000B3B565 /* Assets.xcassets */ = {isa = PBXFileReference; lastKnownFileType = folder.assetcatalog; path = Assets.xcassets; sourceTree = "<group>"; };
		3558A7B125CE2ED000B3B565 /* Base */ = {isa = PBXFileReference; lastKnownFileType = file.storyboard; name = Base; path = Base.lproj/LaunchScreen.storyboard; sourceTree = "<group>"; };
		3558A7B325CE2ED000B3B565 /* Info.plist */ = {isa = PBXFileReference; lastKnownFileType = text.plist.xml; path = Info.plist; sourceTree = "<group>"; };
		3558A7B825CE2ED100B3B565 /* Dog ApiTests.xctest */ = {isa = PBXFileReference; explicitFileType = wrapper.cfbundle; includeInIndex = 0; path = "Dog ApiTests.xctest"; sourceTree = BUILT_PRODUCTS_DIR; };
		3558A7BC25CE2ED100B3B565 /* Dog_ApiTests.swift */ = {isa = PBXFileReference; lastKnownFileType = sourcecode.swift; path = Dog_ApiTests.swift; sourceTree = "<group>"; };
		3558A7BE25CE2ED100B3B565 /* Info.plist */ = {isa = PBXFileReference; lastKnownFileType = text.plist.xml; path = Info.plist; sourceTree = "<group>"; };
		3558A7C325CE2ED100B3B565 /* Dog ApiUITests.xctest */ = {isa = PBXFileReference; explicitFileType = wrapper.cfbundle; includeInIndex = 0; path = "Dog ApiUITests.xctest"; sourceTree = BUILT_PRODUCTS_DIR; };
		3558A7C725CE2ED100B3B565 /* Dog_ApiUITests.swift */ = {isa = PBXFileReference; lastKnownFileType = sourcecode.swift; path = Dog_ApiUITests.swift; sourceTree = "<group>"; };
		3558A7C925CE2ED100B3B565 /* Info.plist */ = {isa = PBXFileReference; lastKnownFileType = text.plist.xml; path = Info.plist; sourceTree = "<group>"; };
		3558A7D825CE2FF400B3B565 /* DogImage.swift */ = {isa = PBXFileReference; lastKnownFileType = sourcecode.swift; path = DogImage.swift; sourceTree = "<group>"; };
		3558A7DD25CF2D5400B3B565 /* Dog API.swift */ = {isa = PBXFileReference; lastKnownFileType = sourcecode.swift; path = "Dog API.swift"; sourceTree = "<group>"; };
/* End PBXFileReference section */

/* Begin PBXFrameworksBuildPhase section */
		3558A79F25CE2ECE00B3B565 /* Frameworks */ = {
			isa = PBXFrameworksBuildPhase;
			buildActionMask = 2147483647;
			files = (
			);
			runOnlyForDeploymentPostprocessing = 0;
		};
		3558A7B525CE2ED100B3B565 /* Frameworks */ = {
			isa = PBXFrameworksBuildPhase;
			buildActionMask = 2147483647;
			files = (
			);
			runOnlyForDeploymentPostprocessing = 0;
		};
		3558A7C025CE2ED100B3B565 /* Frameworks */ = {
			isa = PBXFrameworksBuildPhase;
			buildActionMask = 2147483647;
			files = (
			);
			runOnlyForDeploymentPostprocessing = 0;
		};
/* End PBXFrameworksBuildPhase section */

/* Begin PBXGroup section */
		3558A79925CE2ECE00B3B565 = {
			isa = PBXGroup;
			children = (
				3558A7A425CE2ECE00B3B565 /* Dog Api */,
				3558A7BB25CE2ED100B3B565 /* Dog ApiTests */,
				3558A7C625CE2ED100B3B565 /* Dog ApiUITests */,
				3558A7A325CE2ECE00B3B565 /* Products */,
			);
			sourceTree = "<group>";
		};
		3558A7A325CE2ECE00B3B565 /* Products */ = {
			isa = PBXGroup;
			children = (
				3558A7A225CE2ECE00B3B565 /* Dog Api.app */,
				3558A7B825CE2ED100B3B565 /* Dog ApiTests.xctest */,
				3558A7C325CE2ED100B3B565 /* Dog ApiUITests.xctest */,
			);
			name = Products;
			sourceTree = "<group>";
		};
		3558A7A425CE2ECE00B3B565 /* Dog Api */ = {
			isa = PBXGroup;
			children = (
				3558A7A525CE2ECF00B3B565 /* AppDelegate.swift */,
				3558A7A725CE2ECF00B3B565 /* SceneDelegate.swift */,
				3558A7A925CE2ECF00B3B565 /* ViewController.swift */,
				3558A7AB25CE2ECF00B3B565 /* Main.storyboard */,
				3558A7AE25CE2ED000B3B565 /* Assets.xcassets */,
				3558A7B025CE2ED000B3B565 /* LaunchScreen.storyboard */,
				3558A7B325CE2ED000B3B565 /* Info.plist */,
				3558A7D825CE2FF400B3B565 /* DogImage.swift */,
				3558A7DD25CF2D5400B3B565 /* Dog API.swift */,
			);
			path = "Dog Api";
			sourceTree = "<group>";
		};
		3558A7BB25CE2ED100B3B565 /* Dog ApiTests */ = {
			isa = PBXGroup;
			children = (
				3558A7BC25CE2ED100B3B565 /* Dog_ApiTests.swift */,
				3558A7BE25CE2ED100B3B565 /* Info.plist */,
			);
			path = "Dog ApiTests";
			sourceTree = "<group>";
		};
		3558A7C625CE2ED100B3B565 /* Dog ApiUITests */ = {
			isa = PBXGroup;
			children = (
				3558A7C725CE2ED100B3B565 /* Dog_ApiUITests.swift */,
				3558A7C925CE2ED100B3B565 /* Info.plist */,
			);
			path = "Dog ApiUITests";
			sourceTree = "<group>";
		};
/* End PBXGroup section */

/* Begin PBXNativeTarget section */
		3558A7A125CE2ECE00B3B565 /* Dog Api */ = {
			isa = PBXNativeTarget;
			buildConfigurationList = 3558A7CC25CE2ED100B3B565 /* Build configuration list for PBXNativeTarget "Dog Api" */;
			buildPhases = (
				3558A79E25CE2ECE00B3B565 /* Sources */,
				3558A79F25CE2ECE00B3B565 /* Frameworks */,
				3558A7A025CE2ECE00B3B565 /* Resources */,
			);
			buildRules = (
			);
			dependencies = (
			);
			name = "Dog Api";
			productName = "Dog Api";
			productReference = 3558A7A225CE2ECE00B3B565 /* Dog Api.app */;
			productType = "com.apple.product-type.application";
		};
		3558A7B725CE2ED100B3B565 /* Dog ApiTests */ = {
			isa = PBXNativeTarget;
			buildConfigurationList = 3558A7CF25CE2ED100B3B565 /* Build configuration list for PBXNativeTarget "Dog ApiTests" */;
			buildPhases = (
				3558A7B425CE2ED100B3B565 /* Sources */,
				3558A7B525CE2ED100B3B565 /* Frameworks */,
				3558A7B625CE2ED100B3B565 /* Resources */,
			);
			buildRules = (
			);
			dependencies = (
				3558A7BA25CE2ED100B3B565 /* PBXTargetDependency */,
			);
			name = "Dog ApiTests";
			productName = "Dog ApiTests";
			productReference = 3558A7B825CE2ED100B3B565 /* Dog ApiTests.xctest */;
			productType = "com.apple.product-type.bundle.unit-test";
		};
		3558A7C225CE2ED100B3B565 /* Dog ApiUITests */ = {
			isa = PBXNativeTarget;
			buildConfigurationList = 3558A7D225CE2ED100B3B565 /* Build configuration list for PBXNativeTarget "Dog ApiUITests" */;
			buildPhases = (
				3558A7BF25CE2ED100B3B565 /* Sources */,
				3558A7C025CE2ED100B3B565 /* Frameworks */,
				3558A7C125CE2ED100B3B565 /* Resources */,
			);
			buildRules = (
			);
			dependencies = (
				3558A7C525CE2ED100B3B565 /* PBXTargetDependency */,
			);
			name = "Dog ApiUITests";
			productName = "Dog ApiUITests";
			productReference = 3558A7C325CE2ED100B3B565 /* Dog ApiUITests.xctest */;
			productType = "com.apple.product-type.bundle.ui-testing";
		};
/* End PBXNativeTarget section */

/* Begin PBXProject section */
		3558A79A25CE2ECE00B3B565 /* Project object */ = {
			isa = PBXProject;
			attributes = {
				LastSwiftUpdateCheck = 1240;
				LastUpgradeCheck = 1240;
				TargetAttributes = {
					3558A7A125CE2ECE00B3B565 = {
						CreatedOnToolsVersion = 12.4;
					};
					3558A7B725CE2ED100B3B565 = {
						CreatedOnToolsVersion = 12.4;
						TestTargetID = 3558A7A125CE2ECE00B3B565;
					};
					3558A7C225CE2ED100B3B565 = {
						CreatedOnToolsVersion = 12.4;
						TestTargetID = 3558A7A125CE2ECE00B3B565;
					};
				};
			};
			buildConfigurationList = 3558A79D25CE2ECE00B3B565 /* Build configuration list for PBXProject "Dog Api" */;
			compatibilityVersion = "Xcode 9.3";
			developmentRegion = en;
			hasScannedForEncodings = 0;
			knownRegions = (
				en,
				Base,
			);
			mainGroup = 3558A79925CE2ECE00B3B565;
			productRefGroup = 3558A7A325CE2ECE00B3B565 /* Products */;
			projectDirPath = "";
			projectRoot = "";
			targets = (
				3558A7A125CE2ECE00B3B565 /* Dog Api */,
				3558A7B725CE2ED100B3B565 /* Dog ApiTests */,
				3558A7C225CE2ED100B3B565 /* Dog ApiUITests */,
			);
		};
/* End PBXProject section */

/* Begin PBXResourcesBuildPhase section */
		3558A7A025CE2ECE00B3B565 /* Resources */ = {
			isa = PBXResourcesBuildPhase;
			buildActionMask = 2147483647;
			files = (
				3558A7B225CE2ED000B3B565 /* LaunchScreen.storyboard in Resources */,
				3558A7AF25CE2ED000B3B565 /* Assets.xcassets in Resources */,
				3558A7AD25CE2ECF00B3B565 /* Main.storyboard in Resources */,
			);
			runOnlyForDeploymentPostprocessing = 0;
		};
		3558A7B625CE2ED100B3B565 /* Resources */ = {
			isa = PBXResourcesBuildPhase;
			buildActionMask = 2147483647;
			files = (
			);
			runOnlyForDeploymentPostprocessing = 0;
		};
		3558A7C125CE2ED100B3B565 /* Resources */ = {
			isa = PBXResourcesBuildPhase;
			buildActionMask = 2147483647;
			files = (
			);
			runOnlyForDeploymentPostprocessing = 0;
		};
/* End PBXResourcesBuildPhase section */

/* Begin PBXSourcesBuildPhase section */
		3558A79E25CE2ECE00B3B565 /* Sources */ = {
			isa = PBXSourcesBuildPhase;
			buildActionMask = 2147483647;
			files = (
				3558A7DE25CF2D5400B3B565 /* Dog API.swift in Sources */,
				3558A7AA25CE2ECF00B3B565 /* ViewController.swift in Sources */,
				3558A7A625CE2ECF00B3B565 /* AppDelegate.swift in Sources */,
				3558A7D925CE2FF400B3B565 /* DogImage.swift in Sources */,
				3558A7A825CE2ECF00B3B565 /* SceneDelegate.swift in Sources */,
			);
			runOnlyForDeploymentPostprocessing = 0;
		};
		3558A7B425CE2ED100B3B565 /* Sources */ = {
			isa = PBXSourcesBuildPhase;
			buildActionMask = 2147483647;
			files = (
				3558A7BD25CE2ED100B3B565 /* Dog_ApiTests.swift in Sources */,
			);
			runOnlyForDeploymentPostprocessing = 0;
		};
		3558A7BF25CE2ED100B3B565 /* Sources */ = {
			isa = PBXSourcesBuildPhase;
			buildActionMask = 2147483647;
			files = (
				3558A7C825CE2ED100B3B565 /* Dog_ApiUITests.swift in Sources */,
			);
			runOnlyForDeploymentPostprocessing = 0;
		};
/* End PBXSourcesBuildPhase section */

/* Begin PBXTargetDependency section */
		3558A7BA25CE2ED100B3B565 /* PBXTargetDependency */ = {
			isa = PBXTargetDependency;
			target = 3558A7A125CE2ECE00B3B565 /* Dog Api */;
			targetProxy = 3558A7B925CE2ED100B3B565 /* PBXContainerItemProxy */;
		};
		3558A7C525CE2ED100B3B565 /* PBXTargetDependency */ = {
			isa = PBXTargetDependency;
			target = 3558A7A125CE2ECE00B3B565 /* Dog Api */;
			targetProxy = 3558A7C425CE2ED100B3B565 /* PBXContainerItemProxy */;
		};
/* End PBXTargetDependency section */

/* Begin PBXVariantGroup section */
		3558A7AB25CE2ECF00B3B565 /* Main.storyboard */ = {
			isa = PBXVariantGroup;
			children = (
				3558A7AC25CE2ECF00B3B565 /* Base */,
			);
			name = Main.storyboard;
			sourceTree = "<group>";
		};
		3558A7B025CE2ED000B3B565 /* LaunchScreen.storyboard */ = {
			isa = PBXVariantGroup;
			children = (
				3558A7B125CE2ED000B3B565 /* Base */,
			);
			name = LaunchScreen.storyboard;
			sourceTree = "<group>";
		};
/* End PBXVariantGroup section */

/* Begin XCBuildConfiguration section */
		3558A7CA25CE2ED100B3B565 /* Debug */ = {
			isa = XCBuildConfiguration;
			buildSettings = {
				ALWAYS_SEARCH_USER_PATHS = NO;
				CLANG_ANALYZER_NONNULL = YES;
				CLANG_ANALYZER_NUMBER_OBJECT_CONVERSION = YES_AGGRESSIVE;
				CLANG_CXX_LANGUAGE_STANDARD = "gnu++14";
				CLANG_CXX_LIBRARY = "libc++";
				CLANG_ENABLE_MODULES = YES;
				CLANG_ENABLE_OBJC_ARC = YES;
				CLANG_ENABLE_OBJC_WEAK = YES;
				CLANG_WARN_BLOCK_CAPTURE_AUTORELEASING = YES;
				CLANG_WARN_BOOL_CONVERSION = YES;
				CLANG_WARN_COMMA = YES;
				CLANG_WARN_CONSTANT_CONVERSION = YES;
				CLANG_WARN_DEPRECATED_OBJC_IMPLEMENTATIONS = YES;
				CLANG_WARN_DIRECT_OBJC_ISA_USAGE = YES_ERROR;
				CLANG_WARN_DOCUMENTATION_COMMENTS = YES;
				CLANG_WARN_EMPTY_BODY = YES;
				CLANG_WARN_ENUM_CONVERSION = YES;
				CLANG_WARN_INFINITE_RECURSION = YES;
				CLANG_WARN_INT_CONVERSION = YES;
				CLANG_WARN_NON_LITERAL_NULL_CONVERSION = YES;
				CLANG_WARN_OBJC_IMPLICIT_RETAIN_SELF = YES;
				CLANG_WARN_OBJC_LITERAL_CONVERSION = YES;
				CLANG_WARN_OBJC_ROOT_CLASS = YES_ERROR;
				CLANG_WARN_QUOTED_INCLUDE_IN_FRAMEWORK_HEADER = YES;
				CLANG_WARN_RANGE_LOOP_ANALYSIS = YES;
				CLANG_WARN_STRICT_PROTOTYPES = YES;
				CLANG_WARN_SUSPICIOUS_MOVE = YES;
				CLANG_WARN_UNGUARDED_AVAILABILITY = YES_AGGRESSIVE;
				CLANG_WARN_UNREACHABLE_CODE = YES;
				CLANG_WARN__DUPLICATE_METHOD_MATCH = YES;
				COPY_PHASE_STRIP = NO;
				DEBUG_INFORMATION_FORMAT = dwarf;
				ENABLE_STRICT_OBJC_MSGSEND = YES;
				ENABLE_TESTABILITY = YES;
				GCC_C_LANGUAGE_STANDARD = gnu11;
				GCC_DYNAMIC_NO_PIC = NO;
				GCC_NO_COMMON_BLOCKS = YES;
				GCC_OPTIMIZATION_LEVEL = 0;
				GCC_PREPROCESSOR_DEFINITIONS = (
					"DEBUG=1",
					"$(inherited)",
				);
				GCC_WARN_64_TO_32_BIT_CONVERSION = YES;
				GCC_WARN_ABOUT_RETURN_TYPE = YES_ERROR;
				GCC_WARN_UNDECLARED_SELECTOR = YES;
				GCC_WARN_UNINITIALIZED_AUTOS = YES_AGGRESSIVE;
				GCC_WARN_UNUSED_FUNCTION = YES;
				GCC_WARN_UNUSED_VARIABLE = YES;
				IPHONEOS_DEPLOYMENT_TARGET = 14.4;
				MTL_ENABLE_DEBUG_INFO = INCLUDE_SOURCE;
				MTL_FAST_MATH = YES;
				ONLY_ACTIVE_ARCH = YES;
				SDKROOT = iphoneos;
				SWIFT_ACTIVE_COMPILATION_CONDITIONS = DEBUG;
				SWIFT_OPTIMIZATION_LEVEL = "-Onone";
			};
			name = Debug;
		};
		3558A7CB25CE2ED100B3B565 /* Release */ = {
			isa = XCBuildConfiguration;
			buildSettings = {
				ALWAYS_SEARCH_USER_PATHS = NO;
				CLANG_ANALYZER_NONNULL = YES;
				CLANG_ANALYZER_NUMBER_OBJECT_CONVERSION = YES_AGGRESSIVE;
				CLANG_CXX_LANGUAGE_STANDARD = "gnu++14";
				CLANG_CXX_LIBRARY = "libc++";
				CLANG_ENABLE_MODULES = YES;
				CLANG_ENABLE_OBJC_ARC = YES;
				CLANG_ENABLE_OBJC_WEAK = YES;
				CLANG_WARN_BLOCK_CAPTURE_AUTORELEASING = YES;
				CLANG_WARN_BOOL_CONVERSION = YES;
				CLANG_WARN_COMMA = YES;
				CLANG_WARN_CONSTANT_CONVERSION = YES;
				CLANG_WARN_DEPRECATED_OBJC_IMPLEMENTATIONS = YES;
				CLANG_WARN_DIRECT_OBJC_ISA_USAGE = YES_ERROR;
				CLANG_WARN_DOCUMENTATION_COMMENTS = YES;
				CLANG_WARN_EMPTY_BODY = YES;
				CLANG_WARN_ENUM_CONVERSION = YES;
				CLANG_WARN_INFINITE_RECURSION = YES;
				CLANG_WARN_INT_CONVERSION = YES;
				CLANG_WARN_NON_LITERAL_NULL_CONVERSION = YES;
				CLANG_WARN_OBJC_IMPLICIT_RETAIN_SELF = YES;
				CLANG_WARN_OBJC_LITERAL_CONVERSION = YES;
				CLANG_WARN_OBJC_ROOT_CLASS = YES_ERROR;
				CLANG_WARN_QUOTED_INCLUDE_IN_FRAMEWORK_HEADER = YES;
				CLANG_WARN_RANGE_LOOP_ANALYSIS = YES;
				CLANG_WARN_STRICT_PROTOTYPES = YES;
				CLANG_WARN_SUSPICIOUS_MOVE = YES;
				CLANG_WARN_UNGUARDED_AVAILABILITY = YES_AGGRESSIVE;
				CLANG_WARN_UNREACHABLE_CODE = YES;
				CLANG_WARN__DUPLICATE_METHOD_MATCH = YES;
				COPY_PHASE_STRIP = NO;
				DEBUG_INFORMATION_FORMAT = "dwarf-with-dsym";
				ENABLE_NS_ASSERTIONS = NO;
				ENABLE_STRICT_OBJC_MSGSEND = YES;
				GCC_C_LANGUAGE_STANDARD = gnu11;
				GCC_NO_COMMON_BLOCKS = YES;
				GCC_WARN_64_TO_32_BIT_CONVERSION = YES;
				GCC_WARN_ABOUT_RETURN_TYPE = YES_ERROR;
				GCC_WARN_UNDECLARED_SELECTOR = YES;
				GCC_WARN_UNINITIALIZED_AUTOS = YES_AGGRESSIVE;
				GCC_WARN_UNUSED_FUNCTION = YES;
				GCC_WARN_UNUSED_VARIABLE = YES;
				IPHONEOS_DEPLOYMENT_TARGET = 14.4;
				MTL_ENABLE_DEBUG_INFO = NO;
				MTL_FAST_MATH = YES;
				SDKROOT = iphoneos;
				SWIFT_COMPILATION_MODE = wholemodule;
				SWIFT_OPTIMIZATION_LEVEL = "-O";
				VALIDATE_PRODUCT = YES;
			};
			name = Release;
		};
		3558A7CD25CE2ED100B3B565 /* Debug */ = {
			isa = XCBuildConfiguration;
			buildSettings = {
				ASSETCATALOG_COMPILER_APPICON_NAME = AppIcon;
				ASSETCATALOG_COMPILER_GLOBAL_ACCENT_COLOR_NAME = AccentColor;
				CODE_SIGN_STYLE = Automatic;
				DEVELOPMENT_TEAM = TVYQC22742;
				INFOPLIST_FILE = "Dog Api/Info.plist";
				LD_RUNPATH_SEARCH_PATHS = (
					"$(inherited)",
					"@executable_path/Frameworks",
				);
				PRODUCT_BUNDLE_IDENTIFIER = "carloswilsonperez.Dog-Api";
				PRODUCT_NAME = "$(TARGET_NAME)";
				SWIFT_VERSION = 5.0;
				TARGETED_DEVICE_FAMILY = "1,2";
			};
			name = Debug;
		};
		3558A7CE25CE2ED100B3B565 /* Release */ = {
			isa = XCBuildConfiguration;
			buildSettings = {
				ASSETCATALOG_COMPILER_APPICON_NAME = AppIcon;
				ASSETCATALOG_COMPILER_GLOBAL_ACCENT_COLOR_NAME = AccentColor;
				CODE_SIGN_STYLE = Automatic;
				DEVELOPMENT_TEAM = TVYQC22742;
				INFOPLIST_FILE = "Dog Api/Info.plist";
				LD_RUNPATH_SEARCH_PATHS = (
					"$(inherited)",
					"@executable_path/Frameworks",
				);
				PRODUCT_BUNDLE_IDENTIFIER = "carloswilsonperez.Dog-Api";
				PRODUCT_NAME = "$(TARGET_NAME)";
				SWIFT_VERSION = 5.0;
				TARGETED_DEVICE_FAMILY = "1,2";
			};
			name = Release;
		};
		3558A7D025CE2ED100B3B565 /* Debug */ = {
			isa = XCBuildConfiguration;
			buildSettings = {
				ALWAYS_EMBED_SWIFT_STANDARD_LIBRARIES = YES;
				BUNDLE_LOADER = "$(TEST_HOST)";
				CODE_SIGN_STYLE = Automatic;
				DEVELOPMENT_TEAM = TVYQC22742;
				INFOPLIST_FILE = "Dog ApiTests/Info.plist";
				IPHONEOS_DEPLOYMENT_TARGET = 14.4;
				LD_RUNPATH_SEARCH_PATHS = (
					"$(inherited)",
					"@executable_path/Frameworks",
					"@loader_path/Frameworks",
				);
				PRODUCT_BUNDLE_IDENTIFIER = "carloswilsonperez.Dog-ApiTests";
				PRODUCT_NAME = "$(TARGET_NAME)";
				SWIFT_VERSION = 5.0;
				TARGETED_DEVICE_FAMILY = "1,2";
				TEST_HOST = "$(BUILT_PRODUCTS_DIR)/Dog Api.app/Dog Api";
			};
			name = Debug;
		};
		3558A7D125CE2ED100B3B565 /* Release */ = {
			isa = XCBuildConfiguration;
			buildSettings = {
				ALWAYS_EMBED_SWIFT_STANDARD_LIBRARIES = YES;
				BUNDLE_LOADER = "$(TEST_HOST)";
				CODE_SIGN_STYLE = Automatic;
				DEVELOPMENT_TEAM = TVYQC22742;
				INFOPLIST_FILE = "Dog ApiTests/Info.plist";
				IPHONEOS_DEPLOYMENT_TARGET = 14.4;
				LD_RUNPATH_SEARCH_PATHS = (
					"$(inherited)",
					"@executable_path/Frameworks",
					"@loader_path/Frameworks",
				);
				PRODUCT_BUNDLE_IDENTIFIER = "carloswilsonperez.Dog-ApiTests";
				PRODUCT_NAME = "$(TARGET_NAME)";
				SWIFT_VERSION = 5.0;
				TARGETED_DEVICE_FAMILY = "1,2";
				TEST_HOST = "$(BUILT_PRODUCTS_DIR)/Dog Api.app/Dog Api";
			};
			name = Release;
		};
		3558A7D325CE2ED100B3B565 /* Debug */ = {
			isa = XCBuildConfiguration;
			buildSettings = {
				ALWAYS_EMBED_SWIFT_STANDARD_LIBRARIES = YES;
				CODE_SIGN_STYLE = Automatic;
				DEVELOPMENT_TEAM = TVYQC22742;
				INFOPLIST_FILE = "Dog ApiUITests/Info.plist";
				LD_RUNPATH_SEARCH_PATHS = (
					"$(inherited)",
					"@executable_path/Frameworks",
					"@loader_path/Frameworks",
				);
				PRODUCT_BUNDLE_IDENTIFIER = "carloswilsonperez.Dog-ApiUITests";
				PRODUCT_NAME = "$(TARGET_NAME)";
				SWIFT_VERSION = 5.0;
				TARGETED_DEVICE_FAMILY = "1,2";
				TEST_TARGET_NAME = "Dog Api";
			};
			name = Debug;
		};
		3558A7D425CE2ED100B3B565 /* Release */ = {
			isa = XCBuildConfiguration;
			buildSettings = {
				ALWAYS_EMBED_SWIFT_STANDARD_LIBRARIES = YES;
				CODE_SIGN_STYLE = Automatic;
				DEVELOPMENT_TEAM = TVYQC22742;
				INFOPLIST_FILE = "Dog ApiUITests/Info.plist";
				LD_RUNPATH_SEARCH_PATHS = (
					"$(inherited)",
					"@executable_path/Frameworks",
					"@loader_path/Frameworks",
				);
				PRODUCT_BUNDLE_IDENTIFIER = "carloswilsonperez.Dog-ApiUITests";
				PRODUCT_NAME = "$(TARGET_NAME)";
				SWIFT_VERSION = 5.0;
				TARGETED_DEVICE_FAMILY = "1,2";
				TEST_TARGET_NAME = "Dog Api";
			};
			name = Release;
		};
/* End XCBuildConfiguration section */

/* Begin XCConfigurationList section */
		3558A79D25CE2ECE00B3B565 /* Build configuration list for PBXProject "Dog Api" */ = {
			isa = XCConfigurationList;
			buildConfigurations = (
				3558A7CA25CE2ED100B3B565 /* Debug */,
				3558A7CB25CE2ED100B3B565 /* Release */,
			);
			defaultConfigurationIsVisible = 0;
			defaultConfigurationName = Release;
		};
		3558A7CC25CE2ED100B3B565 /* Build configuration list for PBXNativeTarget "Dog Api" */ = {
			isa = XCConfigurationList;
			buildConfigurations = (
				3558A7CD25CE2ED100B3B565 /* Debug */,
				3558A7CE25CE2ED100B3B565 /* Release */,
			);
			defaultConfigurationIsVisible = 0;
			defaultConfigurationName = Release;
		};
		3558A7CF25CE2ED100B3B565 /* Build configuration list for PBXNativeTarget "Dog ApiTests" */ = {
			isa = XCConfigurationList;
			buildConfigurations = (
				3558A7D025CE2ED100B3B565 /* Debug */,
				3558A7D125CE2ED100B3B565 /* Release */,
			);
			defaultConfigurationIsVisible = 0;
			defaultConfigurationName = Release;
		};
		3558A7D225CE2ED100B3B565 /* Build configuration list for PBXNativeTarget "Dog ApiUITests" */ = {
			isa = XCConfigurationList;
			buildConfigurations = (
				3558A7D325CE2ED100B3B565 /* Debug */,
				3558A7D425CE2ED100B3B565 /* Release */,
			);
			defaultConfigurationIsVisible = 0;
			defaultConfigurationName = Release;
		};
/* End XCConfigurationList section */
	};
	rootObject = 3558A79A25CE2ECE00B3B565 /* Project object */;
}
