// !$*UTF8*$!
{
	archiveVersion = 1;
	classes = {
	};
	objectVersion = 50;
	objects = {

/* Begin PBXBuildFile section */
		3520A0F127260A1B00155E0D /* AppDelegate.swift in Sources */ = {isa = PBXBuildFile; fileRef = 3520A0F027260A1B00155E0D /* AppDelegate.swift */; };
		3520A0F327260A1B00155E0D /* SceneDelegate.swift in Sources */ = {isa = PBXBuildFile; fileRef = 3520A0F227260A1B00155E0D /* SceneDelegate.swift */; };
		3520A0F527260A1B00155E0D /* ViewController.swift in Sources */ = {isa = PBXBuildFile; fileRef = 3520A0F427260A1B00155E0D /* ViewController.swift */; };
		3520A0F827260A1B00155E0D /* Main.storyboard in Resources */ = {isa = PBXBuildFile; fileRef = 3520A0F627260A1B00155E0D /* Main.storyboard */; };
		3520A0FB27260A1B00155E0D /* CoreDataExample.xcdatamodeld in Sources */ = {isa = PBXBuildFile; fileRef = 3520A0F927260A1B00155E0D /* CoreDataExample.xcdatamodeld */; };
		3520A0FD27260A1E00155E0D /* Assets.xcassets in Resources */ = {isa = PBXBuildFile; fileRef = 3520A0FC27260A1E00155E0D /* Assets.xcassets */; };
		3520A10027260A1E00155E0D /* LaunchScreen.storyboard in Resources */ = {isa = PBXBuildFile; fileRef = 3520A0FE27260A1E00155E0D /* LaunchScreen.storyboard */; };
		3520A10B27260A1E00155E0D /* CoreDataExampleTests.swift in Sources */ = {isa = PBXBuildFile; fileRef = 3520A10A27260A1E00155E0D /* CoreDataExampleTests.swift */; };
		3520A11627260A1E00155E0D /* CoreDataExampleUITests.swift in Sources */ = {isa = PBXBuildFile; fileRef = 3520A11527260A1E00155E0D /* CoreDataExampleUITests.swift */; };
		3520A12527260A9F00155E0D /* Person+CoreDataClass.swift in Sources */ = {isa = PBXBuildFile; fileRef = 3520A12327260A9F00155E0D /* Person+CoreDataClass.swift */; };
		3520A12627260A9F00155E0D /* Person+CoreDataProperties.swift in Sources */ = {isa = PBXBuildFile; fileRef = 3520A12427260A9F00155E0D /* Person+CoreDataProperties.swift */; };
/* End PBXBuildFile section */

/* Begin PBXContainerItemProxy section */
		3520A10727260A1E00155E0D /* PBXContainerItemProxy */ = {
			isa = PBXContainerItemProxy;
			containerPortal = 3520A0E527260A1B00155E0D /* Project object */;
			proxyType = 1;
			remoteGlobalIDString = 3520A0EC27260A1B00155E0D;
			remoteInfo = CoreDataExample;
		};
		3520A11227260A1E00155E0D /* PBXContainerItemProxy */ = {
			isa = PBXContainerItemProxy;
			containerPortal = 3520A0E527260A1B00155E0D /* Project object */;
			proxyType = 1;
			remoteGlobalIDString = 3520A0EC27260A1B00155E0D;
			remoteInfo = CoreDataExample;
		};
/* End PBXContainerItemProxy section */

/* Begin PBXFileReference section */
		3520A0ED27260A1B00155E0D /* CoreDataExample.app */ = {isa = PBXFileReference; explicitFileType = wrapper.application; includeInIndex = 0; path = CoreDataExample.app; sourceTree = BUILT_PRODUCTS_DIR; };
		3520A0F027260A1B00155E0D /* AppDelegate.swift */ = {isa = PBXFileReference; lastKnownFileType = sourcecode.swift; path = AppDelegate.swift; sourceTree = "<group>"; };
		3520A0F227260A1B00155E0D /* SceneDelegate.swift */ = {isa = PBXFileReference; lastKnownFileType = sourcecode.swift; path = SceneDelegate.swift; sourceTree = "<group>"; };
		3520A0F427260A1B00155E0D /* ViewController.swift */ = {isa = PBXFileReference; lastKnownFileType = sourcecode.swift; path = ViewController.swift; sourceTree = "<group>"; };
		3520A0F727260A1B00155E0D /* Base */ = {isa = PBXFileReference; lastKnownFileType = file.storyboard; name = Base; path = Base.lproj/Main.storyboard; sourceTree = "<group>"; };
		3520A0FA27260A1B00155E0D /* CoreDataExample.xcdatamodel */ = {isa = PBXFileReference; lastKnownFileType = wrapper.xcdatamodel; path = CoreDataExample.xcdatamodel; sourceTree = "<group>"; };
		3520A0FC27260A1E00155E0D /* Assets.xcassets */ = {isa = PBXFileReference; lastKnownFileType = folder.assetcatalog; path = Assets.xcassets; sourceTree = "<group>"; };
		3520A0FF27260A1E00155E0D /* Base */ = {isa = PBXFileReference; lastKnownFileType = file.storyboard; name = Base; path = Base.lproj/LaunchScreen.storyboard; sourceTree = "<group>"; };
		3520A10127260A1E00155E0D /* Info.plist */ = {isa = PBXFileReference; lastKnownFileType = text.plist.xml; path = Info.plist; sourceTree = "<group>"; };
		3520A10627260A1E00155E0D /* CoreDataExampleTests.xctest */ = {isa = PBXFileReference; explicitFileType = wrapper.cfbundle; includeInIndex = 0; path = CoreDataExampleTests.xctest; sourceTree = BUILT_PRODUCTS_DIR; };
		3520A10A27260A1E00155E0D /* CoreDataExampleTests.swift */ = {isa = PBXFileReference; lastKnownFileType = sourcecode.swift; path = CoreDataExampleTests.swift; sourceTree = "<group>"; };
		3520A10C27260A1E00155E0D /* Info.plist */ = {isa = PBXFileReference; lastKnownFileType = text.plist.xml; path = Info.plist; sourceTree = "<group>"; };
		3520A11127260A1E00155E0D /* CoreDataExampleUITests.xctest */ = {isa = PBXFileReference; explicitFileType = wrapper.cfbundle; includeInIndex = 0; path = CoreDataExampleUITests.xctest; sourceTree = BUILT_PRODUCTS_DIR; };
		3520A11527260A1E00155E0D /* CoreDataExampleUITests.swift */ = {isa = PBXFileReference; lastKnownFileType = sourcecode.swift; path = CoreDataExampleUITests.swift; sourceTree = "<group>"; };
		3520A11727260A1E00155E0D /* Info.plist */ = {isa = PBXFileReference; lastKnownFileType = text.plist.xml; path = Info.plist; sourceTree = "<group>"; };
		3520A12327260A9F00155E0D /* Person+CoreDataClass.swift */ = {isa = PBXFileReference; lastKnownFileType = sourcecode.swift; path = "Person+CoreDataClass.swift"; sourceTree = "<group>"; };
		3520A12427260A9F00155E0D /* Person+CoreDataProperties.swift */ = {isa = PBXFileReference; lastKnownFileType = sourcecode.swift; path = "Person+CoreDataProperties.swift"; sourceTree = "<group>"; };
/* End PBXFileReference section */

/* Begin PBXFrameworksBuildPhase section */
		3520A0EA27260A1B00155E0D /* Frameworks */ = {
			isa = PBXFrameworksBuildPhase;
			buildActionMask = 2147483647;
			files = (
			);
			runOnlyForDeploymentPostprocessing = 0;
		};
		3520A10327260A1E00155E0D /* Frameworks */ = {
			isa = PBXFrameworksBuildPhase;
			buildActionMask = 2147483647;
			files = (
			);
			runOnlyForDeploymentPostprocessing = 0;
		};
		3520A10E27260A1E00155E0D /* Frameworks */ = {
			isa = PBXFrameworksBuildPhase;
			buildActionMask = 2147483647;
			files = (
			);
			runOnlyForDeploymentPostprocessing = 0;
		};
/* End PBXFrameworksBuildPhase section */

/* Begin PBXGroup section */
		3520A0E427260A1B00155E0D = {
			isa = PBXGroup;
			children = (
				3520A12327260A9F00155E0D /* Person+CoreDataClass.swift */,
				3520A12427260A9F00155E0D /* Person+CoreDataProperties.swift */,
				3520A0EF27260A1B00155E0D /* CoreDataExample */,
				3520A10927260A1E00155E0D /* CoreDataExampleTests */,
				3520A11427260A1E00155E0D /* CoreDataExampleUITests */,
				3520A0EE27260A1B00155E0D /* Products */,
			);
			sourceTree = "<group>";
		};
		3520A0EE27260A1B00155E0D /* Products */ = {
			isa = PBXGroup;
			children = (
				3520A0ED27260A1B00155E0D /* CoreDataExample.app */,
				3520A10627260A1E00155E0D /* CoreDataExampleTests.xctest */,
				3520A11127260A1E00155E0D /* CoreDataExampleUITests.xctest */,
			);
			name = Products;
			sourceTree = "<group>";
		};
		3520A0EF27260A1B00155E0D /* CoreDataExample */ = {
			isa = PBXGroup;
			children = (
				3520A0F027260A1B00155E0D /* AppDelegate.swift */,
				3520A0F227260A1B00155E0D /* SceneDelegate.swift */,
				3520A0F427260A1B00155E0D /* ViewController.swift */,
				3520A0F627260A1B00155E0D /* Main.storyboard */,
				3520A0FC27260A1E00155E0D /* Assets.xcassets */,
				3520A0FE27260A1E00155E0D /* LaunchScreen.storyboard */,
				3520A10127260A1E00155E0D /* Info.plist */,
				3520A0F927260A1B00155E0D /* CoreDataExample.xcdatamodeld */,
			);
			path = CoreDataExample;
			sourceTree = "<group>";
		};
		3520A10927260A1E00155E0D /* CoreDataExampleTests */ = {
			isa = PBXGroup;
			children = (
				3520A10A27260A1E00155E0D /* CoreDataExampleTests.swift */,
				3520A10C27260A1E00155E0D /* Info.plist */,
			);
			path = CoreDataExampleTests;
			sourceTree = "<group>";
		};
		3520A11427260A1E00155E0D /* CoreDataExampleUITests */ = {
			isa = PBXGroup;
			children = (
				3520A11527260A1E00155E0D /* CoreDataExampleUITests.swift */,
				3520A11727260A1E00155E0D /* Info.plist */,
			);
			path = CoreDataExampleUITests;
			sourceTree = "<group>";
		};
/* End PBXGroup section */

/* Begin PBXNativeTarget section */
		3520A0EC27260A1B00155E0D /* CoreDataExample */ = {
			isa = PBXNativeTarget;
			buildConfigurationList = 3520A11A27260A1E00155E0D /* Build configuration list for PBXNativeTarget "CoreDataExample" */;
			buildPhases = (
				3520A0E927260A1B00155E0D /* Sources */,
				3520A0EA27260A1B00155E0D /* Frameworks */,
				3520A0EB27260A1B00155E0D /* Resources */,
			);
			buildRules = (
			);
			dependencies = (
			);
			name = CoreDataExample;
			productName = CoreDataExample;
			productReference = 3520A0ED27260A1B00155E0D /* CoreDataExample.app */;
			productType = "com.apple.product-type.application";
		};
		3520A10527260A1E00155E0D /* CoreDataExampleTests */ = {
			isa = PBXNativeTarget;
			buildConfigurationList = 3520A11D27260A1E00155E0D /* Build configuration list for PBXNativeTarget "CoreDataExampleTests" */;
			buildPhases = (
				3520A10227260A1E00155E0D /* Sources */,
				3520A10327260A1E00155E0D /* Frameworks */,
				3520A10427260A1E00155E0D /* Resources */,
			);
			buildRules = (
			);
			dependencies = (
				3520A10827260A1E00155E0D /* PBXTargetDependency */,
			);
			name = CoreDataExampleTests;
			productName = CoreDataExampleTests;
			productReference = 3520A10627260A1E00155E0D /* CoreDataExampleTests.xctest */;
			productType = "com.apple.product-type.bundle.unit-test";
		};
		3520A11027260A1E00155E0D /* CoreDataExampleUITests */ = {
			isa = PBXNativeTarget;
			buildConfigurationList = 3520A12027260A1E00155E0D /* Build configuration list for PBXNativeTarget "CoreDataExampleUITests" */;
			buildPhases = (
				3520A10D27260A1E00155E0D /* Sources */,
				3520A10E27260A1E00155E0D /* Frameworks */,
				3520A10F27260A1E00155E0D /* Resources */,
			);
			buildRules = (
			);
			dependencies = (
				3520A11327260A1E00155E0D /* PBXTargetDependency */,
			);
			name = CoreDataExampleUITests;
			productName = CoreDataExampleUITests;
			productReference = 3520A11127260A1E00155E0D /* CoreDataExampleUITests.xctest */;
			productType = "com.apple.product-type.bundle.ui-testing";
		};
/* End PBXNativeTarget section */

/* Begin PBXProject section */
		3520A0E527260A1B00155E0D /* Project object */ = {
			isa = PBXProject;
			attributes = {
				LastSwiftUpdateCheck = 1250;
				LastUpgradeCheck = 1250;
				TargetAttributes = {
					3520A0EC27260A1B00155E0D = {
						CreatedOnToolsVersion = 12.5.1;
					};
					3520A10527260A1E00155E0D = {
						CreatedOnToolsVersion = 12.5.1;
						TestTargetID = 3520A0EC27260A1B00155E0D;
					};
					3520A11027260A1E00155E0D = {
						CreatedOnToolsVersion = 12.5.1;
						TestTargetID = 3520A0EC27260A1B00155E0D;
					};
				};
			};
			buildConfigurationList = 3520A0E827260A1B00155E0D /* Build configuration list for PBXProject "CoreDataExample" */;
			compatibilityVersion = "Xcode 9.3";
			developmentRegion = en;
			hasScannedForEncodings = 0;
			knownRegions = (
				en,
				Base,
			);
			mainGroup = 3520A0E427260A1B00155E0D;
			productRefGroup = 3520A0EE27260A1B00155E0D /* Products */;
			projectDirPath = "";
			projectRoot = "";
			targets = (
				3520A0EC27260A1B00155E0D /* CoreDataExample */,
				3520A10527260A1E00155E0D /* CoreDataExampleTests */,
				3520A11027260A1E00155E0D /* CoreDataExampleUITests */,
			);
		};
/* End PBXProject section */

/* Begin PBXResourcesBuildPhase section */
		3520A0EB27260A1B00155E0D /* Resources */ = {
			isa = PBXResourcesBuildPhase;
			buildActionMask = 2147483647;
			files = (
				3520A10027260A1E00155E0D /* LaunchScreen.storyboard in Resources */,
				3520A0FD27260A1E00155E0D /* Assets.xcassets in Resources */,
				3520A0F827260A1B00155E0D /* Main.storyboard in Resources */,
			);
			runOnlyForDeploymentPostprocessing = 0;
		};
		3520A10427260A1E00155E0D /* Resources */ = {
			isa = PBXResourcesBuildPhase;
			buildActionMask = 2147483647;
			files = (
			);
			runOnlyForDeploymentPostprocessing = 0;
		};
		3520A10F27260A1E00155E0D /* Resources */ = {
			isa = PBXResourcesBuildPhase;
			buildActionMask = 2147483647;
			files = (
			);
			runOnlyForDeploymentPostprocessing = 0;
		};
/* End PBXResourcesBuildPhase section */

/* Begin PBXSourcesBuildPhase section */
		3520A0E927260A1B00155E0D /* Sources */ = {
			isa = PBXSourcesBuildPhase;
			buildActionMask = 2147483647;
			files = (
				3520A0F527260A1B00155E0D /* ViewController.swift in Sources */,
				3520A0F127260A1B00155E0D /* AppDelegate.swift in Sources */,
				3520A12627260A9F00155E0D /* Person+CoreDataProperties.swift in Sources */,
				3520A12527260A9F00155E0D /* Person+CoreDataClass.swift in Sources */,
				3520A0F327260A1B00155E0D /* SceneDelegate.swift in Sources */,
				3520A0FB27260A1B00155E0D /* CoreDataExample.xcdatamodeld in Sources */,
			);
			runOnlyForDeploymentPostprocessing = 0;
		};
		3520A10227260A1E00155E0D /* Sources */ = {
			isa = PBXSourcesBuildPhase;
			buildActionMask = 2147483647;
			files = (
				3520A10B27260A1E00155E0D /* CoreDataExampleTests.swift in Sources */,
			);
			runOnlyForDeploymentPostprocessing = 0;
		};
		3520A10D27260A1E00155E0D /* Sources */ = {
			isa = PBXSourcesBuildPhase;
			buildActionMask = 2147483647;
			files = (
				3520A11627260A1E00155E0D /* CoreDataExampleUITests.swift in Sources */,
			);
			runOnlyForDeploymentPostprocessing = 0;
		};
/* End PBXSourcesBuildPhase section */

/* Begin PBXTargetDependency section */
		3520A10827260A1E00155E0D /* PBXTargetDependency */ = {
			isa = PBXTargetDependency;
			target = 3520A0EC27260A1B00155E0D /* CoreDataExample */;
			targetProxy = 3520A10727260A1E00155E0D /* PBXContainerItemProxy */;
		};
		3520A11327260A1E00155E0D /* PBXTargetDependency */ = {
			isa = PBXTargetDependency;
			target = 3520A0EC27260A1B00155E0D /* CoreDataExample */;
			targetProxy = 3520A11227260A1E00155E0D /* PBXContainerItemProxy */;
		};
/* End PBXTargetDependency section */

/* Begin PBXVariantGroup section */
		3520A0F627260A1B00155E0D /* Main.storyboard */ = {
			isa = PBXVariantGroup;
			children = (
				3520A0F727260A1B00155E0D /* Base */,
			);
			name = Main.storyboard;
			sourceTree = "<group>";
		};
		3520A0FE27260A1E00155E0D /* LaunchScreen.storyboard */ = {
			isa = PBXVariantGroup;
			children = (
				3520A0FF27260A1E00155E0D /* Base */,
			);
			name = LaunchScreen.storyboard;
			sourceTree = "<group>";
		};
/* End PBXVariantGroup section */

/* Begin XCBuildConfiguration section */
		3520A11827260A1E00155E0D /* Debug */ = {
			isa = XCBuildConfiguration;
			buildSettings = {
				ALWAYS_SEARCH_USER_PATHS = NO;
				CLANG_ANALYZER_NONNULL = YES;
				CLANG_ANALYZER_NUMBER_OBJECT_CONVERSION = YES_AGGRESSIVE;
				CLANG_CXX_LANGUAGE_STANDARD = "gnu++14";
				CLANG_CXX_LIBRARY = "libc++";
				CLANG_ENABLE_MODULES = YES;
				CLANG_ENABLE_OBJC_ARC = YES;
				CLANG_ENABLE_OBJC_WEAK = YES;
				CLANG_WARN_BLOCK_CAPTURE_AUTORELEASING = YES;
				CLANG_WARN_BOOL_CONVERSION = YES;
				CLANG_WARN_COMMA = YES;
				CLANG_WARN_CONSTANT_CONVERSION = YES;
				CLANG_WARN_DEPRECATED_OBJC_IMPLEMENTATIONS = YES;
				CLANG_WARN_DIRECT_OBJC_ISA_USAGE = YES_ERROR;
				CLANG_WARN_DOCUMENTATION_COMMENTS = YES;
				CLANG_WARN_EMPTY_BODY = YES;
				CLANG_WARN_ENUM_CONVERSION = YES;
				CLANG_WARN_INFINITE_RECURSION = YES;
				CLANG_WARN_INT_CONVERSION = YES;
				CLANG_WARN_NON_LITERAL_NULL_CONVERSION = YES;
				CLANG_WARN_OBJC_IMPLICIT_RETAIN_SELF = YES;
				CLANG_WARN_OBJC_LITERAL_CONVERSION = YES;
				CLANG_WARN_OBJC_ROOT_CLASS = YES_ERROR;
				CLANG_WARN_QUOTED_INCLUDE_IN_FRAMEWORK_HEADER = YES;
				CLANG_WARN_RANGE_LOOP_ANALYSIS = YES;
				CLANG_WARN_STRICT_PROTOTYPES = YES;
				CLANG_WARN_SUSPICIOUS_MOVE = YES;
				CLANG_WARN_UNGUARDED_AVAILABILITY = YES_AGGRESSIVE;
				CLANG_WARN_UNREACHABLE_CODE = YES;
				CLANG_WARN__DUPLICATE_METHOD_MATCH = YES;
				COPY_PHASE_STRIP = NO;
				DEBUG_INFORMATION_FORMAT = dwarf;
				ENABLE_STRICT_OBJC_MSGSEND = YES;
				ENABLE_TESTABILITY = YES;
				GCC_C_LANGUAGE_STANDARD = gnu11;
				GCC_DYNAMIC_NO_PIC = NO;
				GCC_NO_COMMON_BLOCKS = YES;
				GCC_OPTIMIZATION_LEVEL = 0;
				GCC_PREPROCESSOR_DEFINITIONS = (
					"DEBUG=1",
					"$(inherited)",
				);
				GCC_WARN_64_TO_32_BIT_CONVERSION = YES;
				GCC_WARN_ABOUT_RETURN_TYPE = YES_ERROR;
				GCC_WARN_UNDECLARED_SELECTOR = YES;
				GCC_WARN_UNINITIALIZED_AUTOS = YES_AGGRESSIVE;
				GCC_WARN_UNUSED_FUNCTION = YES;
				GCC_WARN_UNUSED_VARIABLE = YES;
				IPHONEOS_DEPLOYMENT_TARGET = 14.5;
				MTL_ENABLE_DEBUG_INFO = INCLUDE_SOURCE;
				MTL_FAST_MATH = YES;
				ONLY_ACTIVE_ARCH = YES;
				SDKROOT = iphoneos;
				SWIFT_ACTIVE_COMPILATION_CONDITIONS = DEBUG;
				SWIFT_OPTIMIZATION_LEVEL = "-Onone";
			};
			name = Debug;
		};
		3520A11927260A1E00155E0D /* Release */ = {
			isa = XCBuildConfiguration;
			buildSettings = {
				ALWAYS_SEARCH_USER_PATHS = NO;
				CLANG_ANALYZER_NONNULL = YES;
				CLANG_ANALYZER_NUMBER_OBJECT_CONVERSION = YES_AGGRESSIVE;
				CLANG_CXX_LANGUAGE_STANDARD = "gnu++14";
				CLANG_CXX_LIBRARY = "libc++";
				CLANG_ENABLE_MODULES = YES;
				CLANG_ENABLE_OBJC_ARC = YES;
				CLANG_ENABLE_OBJC_WEAK = YES;
				CLANG_WARN_BLOCK_CAPTURE_AUTORELEASING = YES;
				CLANG_WARN_BOOL_CONVERSION = YES;
				CLANG_WARN_COMMA = YES;
				CLANG_WARN_CONSTANT_CONVERSION = YES;
				CLANG_WARN_DEPRECATED_OBJC_IMPLEMENTATIONS = YES;
				CLANG_WARN_DIRECT_OBJC_ISA_USAGE = YES_ERROR;
				CLANG_WARN_DOCUMENTATION_COMMENTS = YES;
				CLANG_WARN_EMPTY_BODY = YES;
				CLANG_WARN_ENUM_CONVERSION = YES;
				CLANG_WARN_INFINITE_RECURSION = YES;
				CLANG_WARN_INT_CONVERSION = YES;
				CLANG_WARN_NON_LITERAL_NULL_CONVERSION = YES;
				CLANG_WARN_OBJC_IMPLICIT_RETAIN_SELF = YES;
				CLANG_WARN_OBJC_LITERAL_CONVERSION = YES;
				CLANG_WARN_OBJC_ROOT_CLASS = YES_ERROR;
				CLANG_WARN_QUOTED_INCLUDE_IN_FRAMEWORK_HEADER = YES;
				CLANG_WARN_RANGE_LOOP_ANALYSIS = YES;
				CLANG_WARN_STRICT_PROTOTYPES = YES;
				CLANG_WARN_SUSPICIOUS_MOVE = YES;
				CLANG_WARN_UNGUARDED_AVAILABILITY = YES_AGGRESSIVE;
				CLANG_WARN_UNREACHABLE_CODE = YES;
				CLANG_WARN__DUPLICATE_METHOD_MATCH = YES;
				COPY_PHASE_STRIP = NO;
				DEBUG_INFORMATION_FORMAT = "dwarf-with-dsym";
				ENABLE_NS_ASSERTIONS = NO;
				ENABLE_STRICT_OBJC_MSGSEND = YES;
				GCC_C_LANGUAGE_STANDARD = gnu11;
				GCC_NO_COMMON_BLOCKS = YES;
				GCC_WARN_64_TO_32_BIT_CONVERSION = YES;
				GCC_WARN_ABOUT_RETURN_TYPE = YES_ERROR;
				GCC_WARN_UNDECLARED_SELECTOR = YES;
				GCC_WARN_UNINITIALIZED_AUTOS = YES_AGGRESSIVE;
				GCC_WARN_UNUSED_FUNCTION = YES;
				GCC_WARN_UNUSED_VARIABLE = YES;
				IPHONEOS_DEPLOYMENT_TARGET = 14.5;
				MTL_ENABLE_DEBUG_INFO = NO;
				MTL_FAST_MATH = YES;
				SDKROOT = iphoneos;
				SWIFT_COMPILATION_MODE = wholemodule;
				SWIFT_OPTIMIZATION_LEVEL = "-O";
				VALIDATE_PRODUCT = YES;
			};
			name = Release;
		};
		3520A11B27260A1E00155E0D /* Debug */ = {
			isa = XCBuildConfiguration;
			buildSettings = {
				ASSETCATALOG_COMPILER_APPICON_NAME = AppIcon;
				ASSETCATALOG_COMPILER_GLOBAL_ACCENT_COLOR_NAME = AccentColor;
				CODE_SIGN_STYLE = Automatic;
				DEVELOPMENT_TEAM = TVYQC22742;
				INFOPLIST_FILE = CoreDataExample/Info.plist;
				LD_RUNPATH_SEARCH_PATHS = (
					"$(inherited)",
					"@executable_path/Frameworks",
				);
				PRODUCT_BUNDLE_IDENTIFIER = carloswilsonperez.CoreDataExample;
				PRODUCT_NAME = "$(TARGET_NAME)";
				SWIFT_VERSION = 5.0;
				TARGETED_DEVICE_FAMILY = "1,2";
			};
			name = Debug;
		};
		3520A11C27260A1E00155E0D /* Release */ = {
			isa = XCBuildConfiguration;
			buildSettings = {
				ASSETCATALOG_COMPILER_APPICON_NAME = AppIcon;
				ASSETCATALOG_COMPILER_GLOBAL_ACCENT_COLOR_NAME = AccentColor;
				CODE_SIGN_STYLE = Automatic;
				DEVELOPMENT_TEAM = TVYQC22742;
				INFOPLIST_FILE = CoreDataExample/Info.plist;
				LD_RUNPATH_SEARCH_PATHS = (
					"$(inherited)",
					"@executable_path/Frameworks",
				);
				PRODUCT_BUNDLE_IDENTIFIER = carloswilsonperez.CoreDataExample;
				PRODUCT_NAME = "$(TARGET_NAME)";
				SWIFT_VERSION = 5.0;
				TARGETED_DEVICE_FAMILY = "1,2";
			};
			name = Release;
		};
		3520A11E27260A1E00155E0D /* Debug */ = {
			isa = XCBuildConfiguration;
			buildSettings = {
				ALWAYS_EMBED_SWIFT_STANDARD_LIBRARIES = YES;
				BUNDLE_LOADER = "$(TEST_HOST)";
				CODE_SIGN_STYLE = Automatic;
				DEVELOPMENT_TEAM = TVYQC22742;
				INFOPLIST_FILE = CoreDataExampleTests/Info.plist;
				IPHONEOS_DEPLOYMENT_TARGET = 14.5;
				LD_RUNPATH_SEARCH_PATHS = (
					"$(inherited)",
					"@executable_path/Frameworks",
					"@loader_path/Frameworks",
				);
				PRODUCT_BUNDLE_IDENTIFIER = carloswilsonperez.CoreDataExampleTests;
				PRODUCT_NAME = "$(TARGET_NAME)";
				SWIFT_VERSION = 5.0;
				TARGETED_DEVICE_FAMILY = "1,2";
				TEST_HOST = "$(BUILT_PRODUCTS_DIR)/CoreDataExample.app/CoreDataExample";
			};
			name = Debug;
		};
		3520A11F27260A1E00155E0D /* Release */ = {
			isa = XCBuildConfiguration;
			buildSettings = {
				ALWAYS_EMBED_SWIFT_STANDARD_LIBRARIES = YES;
				BUNDLE_LOADER = "$(TEST_HOST)";
				CODE_SIGN_STYLE = Automatic;
				DEVELOPMENT_TEAM = TVYQC22742;
				INFOPLIST_FILE = CoreDataExampleTests/Info.plist;
				IPHONEOS_DEPLOYMENT_TARGET = 14.5;
				LD_RUNPATH_SEARCH_PATHS = (
					"$(inherited)",
					"@executable_path/Frameworks",
					"@loader_path/Frameworks",
				);
				PRODUCT_BUNDLE_IDENTIFIER = carloswilsonperez.CoreDataExampleTests;
				PRODUCT_NAME = "$(TARGET_NAME)";
				SWIFT_VERSION = 5.0;
				TARGETED_DEVICE_FAMILY = "1,2";
				TEST_HOST = "$(BUILT_PRODUCTS_DIR)/CoreDataExample.app/CoreDataExample";
			};
			name = Release;
		};
		3520A12127260A1E00155E0D /* Debug */ = {
			isa = XCBuildConfiguration;
			buildSettings = {
				ALWAYS_EMBED_SWIFT_STANDARD_LIBRARIES = YES;
				CODE_SIGN_STYLE = Automatic;
				DEVELOPMENT_TEAM = TVYQC22742;
				INFOPLIST_FILE = CoreDataExampleUITests/Info.plist;
				LD_RUNPATH_SEARCH_PATHS = (
					"$(inherited)",
					"@executable_path/Frameworks",
					"@loader_path/Frameworks",
				);
				PRODUCT_BUNDLE_IDENTIFIER = carloswilsonperez.CoreDataExampleUITests;
				PRODUCT_NAME = "$(TARGET_NAME)";
				SWIFT_VERSION = 5.0;
				TARGETED_DEVICE_FAMILY = "1,2";
				TEST_TARGET_NAME = CoreDataExample;
			};
			name = Debug;
		};
		3520A12227260A1E00155E0D /* Release */ = {
			isa = XCBuildConfiguration;
			buildSettings = {
				ALWAYS_EMBED_SWIFT_STANDARD_LIBRARIES = YES;
				CODE_SIGN_STYLE = Automatic;
				DEVELOPMENT_TEAM = TVYQC22742;
				INFOPLIST_FILE = CoreDataExampleUITests/Info.plist;
				LD_RUNPATH_SEARCH_PATHS = (
					"$(inherited)",
					"@executable_path/Frameworks",
					"@loader_path/Frameworks",
				);
				PRODUCT_BUNDLE_IDENTIFIER = carloswilsonperez.CoreDataExampleUITests;
				PRODUCT_NAME = "$(TARGET_NAME)";
				SWIFT_VERSION = 5.0;
				TARGETED_DEVICE_FAMILY = "1,2";
				TEST_TARGET_NAME = CoreDataExample;
			};
			name = Release;
		};
/* End XCBuildConfiguration section */

/* Begin XCConfigurationList section */
		3520A0E827260A1B00155E0D /* Build configuration list for PBXProject "CoreDataExample" */ = {
			isa = XCConfigurationList;
			buildConfigurations = (
				3520A11827260A1E00155E0D /* Debug */,
				3520A11927260A1E00155E0D /* Release */,
			);
			defaultConfigurationIsVisible = 0;
			defaultConfigurationName = Release;
		};
		3520A11A27260A1E00155E0D /* Build configuration list for PBXNativeTarget "CoreDataExample" */ = {
			isa = XCConfigurationList;
			buildConfigurations = (
				3520A11B27260A1E00155E0D /* Debug */,
				3520A11C27260A1E00155E0D /* Release */,
			);
			defaultConfigurationIsVisible = 0;
			defaultConfigurationName = Release;
		};
		3520A11D27260A1E00155E0D /* Build configuration list for PBXNativeTarget "CoreDataExampleTests" */ = {
			isa = XCConfigurationList;
			buildConfigurations = (
				3520A11E27260A1E00155E0D /* Debug */,
				3520A11F27260A1E00155E0D /* Release */,
			);
			defaultConfigurationIsVisible = 0;
			defaultConfigurationName = Release;
		};
		3520A12027260A1E00155E0D /* Build configuration list for PBXNativeTarget "CoreDataExampleUITests" */ = {
			isa = XCConfigurationList;
			buildConfigurations = (
				3520A12127260A1E00155E0D /* Debug */,
				3520A12227260A1E00155E0D /* Release */,
			);
			defaultConfigurationIsVisible = 0;
			defaultConfigurationName = Release;
		};
/* End XCConfigurationList section */

/* Begin XCVersionGroup section */
		3520A0F927260A1B00155E0D /* CoreDataExample.xcdatamodeld */ = {
			isa = XCVersionGroup;
			children = (
				3520A0FA27260A1B00155E0D /* CoreDataExample.xcdatamodel */,
			);
			currentVersion = 3520A0FA27260A1B00155E0D /* CoreDataExample.xcdatamodel */;
			path = CoreDataExample.xcdatamodeld;
			sourceTree = "<group>";
			versionGroupType = wrapper.xcdatamodel;
		};
/* End XCVersionGroup section */
	};
	rootObject = 3520A0E527260A1B00155E0D /* Project object */;
}
