// !$*UTF8*$!
{
	archiveVersion = 1;
	classes = {
	};
	objectVersion = 50;
	objects = {

/* Begin PBXBuildFile section */
		357062EA271C9FD4009F03C7 /* AppDelegate.swift in Sources */ = {isa = PBXBuildFile; fileRef = 357062E9271C9FD4009F03C7 /* AppDelegate.swift */; };
		357062EC271C9FD4009F03C7 /* SceneDelegate.swift in Sources */ = {isa = PBXBuildFile; fileRef = 357062EB271C9FD4009F03C7 /* SceneDelegate.swift */; };
		357062EE271C9FD4009F03C7 /* ViewController.swift in Sources */ = {isa = PBXBuildFile; fileRef = 357062ED271C9FD4009F03C7 /* ViewController.swift */; };
		357062F1271C9FD4009F03C7 /* Main.storyboard in Resources */ = {isa = PBXBuildFile; fileRef = 357062EF271C9FD4009F03C7 /* Main.storyboard */; };
		357062F4271C9FD4009F03C7 /* ViewCollectionExample.xcdatamodeld in Sources */ = {isa = PBXBuildFile; fileRef = 357062F2271C9FD4009F03C7 /* ViewCollectionExample.xcdatamodeld */; };
		357062F6271C9FD7009F03C7 /* Assets.xcassets in Resources */ = {isa = PBXBuildFile; fileRef = 357062F5271C9FD7009F03C7 /* Assets.xcassets */; };
		357062F9271C9FD7009F03C7 /* LaunchScreen.storyboard in Resources */ = {isa = PBXBuildFile; fileRef = 357062F7271C9FD7009F03C7 /* LaunchScreen.storyboard */; };
		35706304271C9FD7009F03C7 /* ViewCollectionExampleTests.swift in Sources */ = {isa = PBXBuildFile; fileRef = 35706303271C9FD7009F03C7 /* ViewCollectionExampleTests.swift */; };
		3570630F271C9FD7009F03C7 /* ViewCollectionExampleUITests.swift in Sources */ = {isa = PBXBuildFile; fileRef = 3570630E271C9FD7009F03C7 /* ViewCollectionExampleUITests.swift */; };
		3570631D271CAA45009F03C7 /* PhotoCollectionViewCell.swift in Sources */ = {isa = PBXBuildFile; fileRef = 3570631C271CAA45009F03C7 /* PhotoCollectionViewCell.swift */; };
/* End PBXBuildFile section */

/* Begin PBXContainerItemProxy section */
		35706300271C9FD7009F03C7 /* PBXContainerItemProxy */ = {
			isa = PBXContainerItemProxy;
			containerPortal = 357062DE271C9FD4009F03C7 /* Project object */;
			proxyType = 1;
			remoteGlobalIDString = 357062E5271C9FD4009F03C7;
			remoteInfo = ViewCollectionExample;
		};
		3570630B271C9FD7009F03C7 /* PBXContainerItemProxy */ = {
			isa = PBXContainerItemProxy;
			containerPortal = 357062DE271C9FD4009F03C7 /* Project object */;
			proxyType = 1;
			remoteGlobalIDString = 357062E5271C9FD4009F03C7;
			remoteInfo = ViewCollectionExample;
		};
/* End PBXContainerItemProxy section */

/* Begin PBXFileReference section */
		357062E6271C9FD4009F03C7 /* ViewCollectionExample.app */ = {isa = PBXFileReference; explicitFileType = wrapper.application; includeInIndex = 0; path = ViewCollectionExample.app; sourceTree = BUILT_PRODUCTS_DIR; };
		357062E9271C9FD4009F03C7 /* AppDelegate.swift */ = {isa = PBXFileReference; lastKnownFileType = sourcecode.swift; path = AppDelegate.swift; sourceTree = "<group>"; };
		357062EB271C9FD4009F03C7 /* SceneDelegate.swift */ = {isa = PBXFileReference; lastKnownFileType = sourcecode.swift; path = SceneDelegate.swift; sourceTree = "<group>"; };
		357062ED271C9FD4009F03C7 /* ViewController.swift */ = {isa = PBXFileReference; lastKnownFileType = sourcecode.swift; path = ViewController.swift; sourceTree = "<group>"; };
		357062F0271C9FD4009F03C7 /* Base */ = {isa = PBXFileReference; lastKnownFileType = file.storyboard; name = Base; path = Base.lproj/Main.storyboard; sourceTree = "<group>"; };
		357062F3271C9FD4009F03C7 /* ViewCollectionExample.xcdatamodel */ = {isa = PBXFileReference; lastKnownFileType = wrapper.xcdatamodel; path = ViewCollectionExample.xcdatamodel; sourceTree = "<group>"; };
		357062F5271C9FD7009F03C7 /* Assets.xcassets */ = {isa = PBXFileReference; lastKnownFileType = folder.assetcatalog; path = Assets.xcassets; sourceTree = "<group>"; };
		357062F8271C9FD7009F03C7 /* Base */ = {isa = PBXFileReference; lastKnownFileType = file.storyboard; name = Base; path = Base.lproj/LaunchScreen.storyboard; sourceTree = "<group>"; };
		357062FA271C9FD7009F03C7 /* Info.plist */ = {isa = PBXFileReference; lastKnownFileType = text.plist.xml; path = Info.plist; sourceTree = "<group>"; };
		357062FF271C9FD7009F03C7 /* ViewCollectionExampleTests.xctest */ = {isa = PBXFileReference; explicitFileType = wrapper.cfbundle; includeInIndex = 0; path = ViewCollectionExampleTests.xctest; sourceTree = BUILT_PRODUCTS_DIR; };
		35706303271C9FD7009F03C7 /* ViewCollectionExampleTests.swift */ = {isa = PBXFileReference; lastKnownFileType = sourcecode.swift; path = ViewCollectionExampleTests.swift; sourceTree = "<group>"; };
		35706305271C9FD7009F03C7 /* Info.plist */ = {isa = PBXFileReference; lastKnownFileType = text.plist.xml; path = Info.plist; sourceTree = "<group>"; };
		3570630A271C9FD7009F03C7 /* ViewCollectionExampleUITests.xctest */ = {isa = PBXFileReference; explicitFileType = wrapper.cfbundle; includeInIndex = 0; path = ViewCollectionExampleUITests.xctest; sourceTree = BUILT_PRODUCTS_DIR; };
		3570630E271C9FD7009F03C7 /* ViewCollectionExampleUITests.swift */ = {isa = PBXFileReference; lastKnownFileType = sourcecode.swift; path = ViewCollectionExampleUITests.swift; sourceTree = "<group>"; };
		35706310271C9FD7009F03C7 /* Info.plist */ = {isa = PBXFileReference; lastKnownFileType = text.plist.xml; path = Info.plist; sourceTree = "<group>"; };
		3570631C271CAA45009F03C7 /* PhotoCollectionViewCell.swift */ = {isa = PBXFileReference; lastKnownFileType = sourcecode.swift; path = PhotoCollectionViewCell.swift; sourceTree = "<group>"; };
/* End PBXFileReference section */

/* Begin PBXFrameworksBuildPhase section */
		357062E3271C9FD4009F03C7 /* Frameworks */ = {
			isa = PBXFrameworksBuildPhase;
			buildActionMask = 2147483647;
			files = (
			);
			runOnlyForDeploymentPostprocessing = 0;
		};
		357062FC271C9FD7009F03C7 /* Frameworks */ = {
			isa = PBXFrameworksBuildPhase;
			buildActionMask = 2147483647;
			files = (
			);
			runOnlyForDeploymentPostprocessing = 0;
		};
		35706307271C9FD7009F03C7 /* Frameworks */ = {
			isa = PBXFrameworksBuildPhase;
			buildActionMask = 2147483647;
			files = (
			);
			runOnlyForDeploymentPostprocessing = 0;
		};
/* End PBXFrameworksBuildPhase section */

/* Begin PBXGroup section */
		357062DD271C9FD4009F03C7 = {
			isa = PBXGroup;
			children = (
				357062E8271C9FD4009F03C7 /* ViewCollectionExample */,
				35706302271C9FD7009F03C7 /* ViewCollectionExampleTests */,
				3570630D271C9FD7009F03C7 /* ViewCollectionExampleUITests */,
				357062E7271C9FD4009F03C7 /* Products */,
			);
			sourceTree = "<group>";
		};
		357062E7271C9FD4009F03C7 /* Products */ = {
			isa = PBXGroup;
			children = (
				357062E6271C9FD4009F03C7 /* ViewCollectionExample.app */,
				357062FF271C9FD7009F03C7 /* ViewCollectionExampleTests.xctest */,
				3570630A271C9FD7009F03C7 /* ViewCollectionExampleUITests.xctest */,
			);
			name = Products;
			sourceTree = "<group>";
		};
		357062E8271C9FD4009F03C7 /* ViewCollectionExample */ = {
			isa = PBXGroup;
			children = (
				357062E9271C9FD4009F03C7 /* AppDelegate.swift */,
				357062EB271C9FD4009F03C7 /* SceneDelegate.swift */,
				357062ED271C9FD4009F03C7 /* ViewController.swift */,
				357062EF271C9FD4009F03C7 /* Main.storyboard */,
				357062F5271C9FD7009F03C7 /* Assets.xcassets */,
				357062F7271C9FD7009F03C7 /* LaunchScreen.storyboard */,
				357062FA271C9FD7009F03C7 /* Info.plist */,
				357062F2271C9FD4009F03C7 /* ViewCollectionExample.xcdatamodeld */,
				3570631C271CAA45009F03C7 /* PhotoCollectionViewCell.swift */,
			);
			path = ViewCollectionExample;
			sourceTree = "<group>";
		};
		35706302271C9FD7009F03C7 /* ViewCollectionExampleTests */ = {
			isa = PBXGroup;
			children = (
				35706303271C9FD7009F03C7 /* ViewCollectionExampleTests.swift */,
				35706305271C9FD7009F03C7 /* Info.plist */,
			);
			path = ViewCollectionExampleTests;
			sourceTree = "<group>";
		};
		3570630D271C9FD7009F03C7 /* ViewCollectionExampleUITests */ = {
			isa = PBXGroup;
			children = (
				3570630E271C9FD7009F03C7 /* ViewCollectionExampleUITests.swift */,
				35706310271C9FD7009F03C7 /* Info.plist */,
			);
			path = ViewCollectionExampleUITests;
			sourceTree = "<group>";
		};
/* End PBXGroup section */

/* Begin PBXNativeTarget section */
		357062E5271C9FD4009F03C7 /* ViewCollectionExample */ = {
			isa = PBXNativeTarget;
			buildConfigurationList = 35706313271C9FD7009F03C7 /* Build configuration list for PBXNativeTarget "ViewCollectionExample" */;
			buildPhases = (
				357062E2271C9FD4009F03C7 /* Sources */,
				357062E3271C9FD4009F03C7 /* Frameworks */,
				357062E4271C9FD4009F03C7 /* Resources */,
			);
			buildRules = (
			);
			dependencies = (
			);
			name = ViewCollectionExample;
			productName = ViewCollectionExample;
			productReference = 357062E6271C9FD4009F03C7 /* ViewCollectionExample.app */;
			productType = "com.apple.product-type.application";
		};
		357062FE271C9FD7009F03C7 /* ViewCollectionExampleTests */ = {
			isa = PBXNativeTarget;
			buildConfigurationList = 35706316271C9FD7009F03C7 /* Build configuration list for PBXNativeTarget "ViewCollectionExampleTests" */;
			buildPhases = (
				357062FB271C9FD7009F03C7 /* Sources */,
				357062FC271C9FD7009F03C7 /* Frameworks */,
				357062FD271C9FD7009F03C7 /* Resources */,
			);
			buildRules = (
			);
			dependencies = (
				35706301271C9FD7009F03C7 /* PBXTargetDependency */,
			);
			name = ViewCollectionExampleTests;
			productName = ViewCollectionExampleTests;
			productReference = 357062FF271C9FD7009F03C7 /* ViewCollectionExampleTests.xctest */;
			productType = "com.apple.product-type.bundle.unit-test";
		};
		35706309271C9FD7009F03C7 /* ViewCollectionExampleUITests */ = {
			isa = PBXNativeTarget;
			buildConfigurationList = 35706319271C9FD7009F03C7 /* Build configuration list for PBXNativeTarget "ViewCollectionExampleUITests" */;
			buildPhases = (
				35706306271C9FD7009F03C7 /* Sources */,
				35706307271C9FD7009F03C7 /* Frameworks */,
				35706308271C9FD7009F03C7 /* Resources */,
			);
			buildRules = (
			);
			dependencies = (
				3570630C271C9FD7009F03C7 /* PBXTargetDependency */,
			);
			name = ViewCollectionExampleUITests;
			productName = ViewCollectionExampleUITests;
			productReference = 3570630A271C9FD7009F03C7 /* ViewCollectionExampleUITests.xctest */;
			productType = "com.apple.product-type.bundle.ui-testing";
		};
/* End PBXNativeTarget section */

/* Begin PBXProject section */
		357062DE271C9FD4009F03C7 /* Project object */ = {
			isa = PBXProject;
			attributes = {
				LastSwiftUpdateCheck = 1250;
				LastUpgradeCheck = 1250;
				TargetAttributes = {
					357062E5271C9FD4009F03C7 = {
						CreatedOnToolsVersion = 12.5.1;
					};
					357062FE271C9FD7009F03C7 = {
						CreatedOnToolsVersion = 12.5.1;
						TestTargetID = 357062E5271C9FD4009F03C7;
					};
					35706309271C9FD7009F03C7 = {
						CreatedOnToolsVersion = 12.5.1;
						TestTargetID = 357062E5271C9FD4009F03C7;
					};
				};
			};
			buildConfigurationList = 357062E1271C9FD4009F03C7 /* Build configuration list for PBXProject "ViewCollectionExample" */;
			compatibilityVersion = "Xcode 9.3";
			developmentRegion = en;
			hasScannedForEncodings = 0;
			knownRegions = (
				en,
				Base,
			);
			mainGroup = 357062DD271C9FD4009F03C7;
			productRefGroup = 357062E7271C9FD4009F03C7 /* Products */;
			projectDirPath = "";
			projectRoot = "";
			targets = (
				357062E5271C9FD4009F03C7 /* ViewCollectionExample */,
				357062FE271C9FD7009F03C7 /* ViewCollectionExampleTests */,
				35706309271C9FD7009F03C7 /* ViewCollectionExampleUITests */,
			);
		};
/* End PBXProject section */

/* Begin PBXResourcesBuildPhase section */
		357062E4271C9FD4009F03C7 /* Resources */ = {
			isa = PBXResourcesBuildPhase;
			buildActionMask = 2147483647;
			files = (
				357062F9271C9FD7009F03C7 /* LaunchScreen.storyboard in Resources */,
				357062F6271C9FD7009F03C7 /* Assets.xcassets in Resources */,
				357062F1271C9FD4009F03C7 /* Main.storyboard in Resources */,
			);
			runOnlyForDeploymentPostprocessing = 0;
		};
		357062FD271C9FD7009F03C7 /* Resources */ = {
			isa = PBXResourcesBuildPhase;
			buildActionMask = 2147483647;
			files = (
			);
			runOnlyForDeploymentPostprocessing = 0;
		};
		35706308271C9FD7009F03C7 /* Resources */ = {
			isa = PBXResourcesBuildPhase;
			buildActionMask = 2147483647;
			files = (
			);
			runOnlyForDeploymentPostprocessing = 0;
		};
/* End PBXResourcesBuildPhase section */

/* Begin PBXSourcesBuildPhase section */
		357062E2271C9FD4009F03C7 /* Sources */ = {
			isa = PBXSourcesBuildPhase;
			buildActionMask = 2147483647;
			files = (
				357062EE271C9FD4009F03C7 /* ViewController.swift in Sources */,
				357062F4271C9FD4009F03C7 /* ViewCollectionExample.xcdatamodeld in Sources */,
				3570631D271CAA45009F03C7 /* PhotoCollectionViewCell.swift in Sources */,
				357062EA271C9FD4009F03C7 /* AppDelegate.swift in Sources */,
				357062EC271C9FD4009F03C7 /* SceneDelegate.swift in Sources */,
			);
			runOnlyForDeploymentPostprocessing = 0;
		};
		357062FB271C9FD7009F03C7 /* Sources */ = {
			isa = PBXSourcesBuildPhase;
			buildActionMask = 2147483647;
			files = (
				35706304271C9FD7009F03C7 /* ViewCollectionExampleTests.swift in Sources */,
			);
			runOnlyForDeploymentPostprocessing = 0;
		};
		35706306271C9FD7009F03C7 /* Sources */ = {
			isa = PBXSourcesBuildPhase;
			buildActionMask = 2147483647;
			files = (
				3570630F271C9FD7009F03C7 /* ViewCollectionExampleUITests.swift in Sources */,
			);
			runOnlyForDeploymentPostprocessing = 0;
		};
/* End PBXSourcesBuildPhase section */

/* Begin PBXTargetDependency section */
		35706301271C9FD7009F03C7 /* PBXTargetDependency */ = {
			isa = PBXTargetDependency;
			target = 357062E5271C9FD4009F03C7 /* ViewCollectionExample */;
			targetProxy = 35706300271C9FD7009F03C7 /* PBXContainerItemProxy */;
		};
		3570630C271C9FD7009F03C7 /* PBXTargetDependency */ = {
			isa = PBXTargetDependency;
			target = 357062E5271C9FD4009F03C7 /* ViewCollectionExample */;
			targetProxy = 3570630B271C9FD7009F03C7 /* PBXContainerItemProxy */;
		};
/* End PBXTargetDependency section */

/* Begin PBXVariantGroup section */
		357062EF271C9FD4009F03C7 /* Main.storyboard */ = {
			isa = PBXVariantGroup;
			children = (
				357062F0271C9FD4009F03C7 /* Base */,
			);
			name = Main.storyboard;
			sourceTree = "<group>";
		};
		357062F7271C9FD7009F03C7 /* LaunchScreen.storyboard */ = {
			isa = PBXVariantGroup;
			children = (
				357062F8271C9FD7009F03C7 /* Base */,
			);
			name = LaunchScreen.storyboard;
			sourceTree = "<group>";
		};
/* End PBXVariantGroup section */

/* Begin XCBuildConfiguration section */
		35706311271C9FD7009F03C7 /* Debug */ = {
			isa = XCBuildConfiguration;
			buildSettings = {
				ALWAYS_SEARCH_USER_PATHS = NO;
				CLANG_ANALYZER_NONNULL = YES;
				CLANG_ANALYZER_NUMBER_OBJECT_CONVERSION = YES_AGGRESSIVE;
				CLANG_CXX_LANGUAGE_STANDARD = "gnu++14";
				CLANG_CXX_LIBRARY = "libc++";
				CLANG_ENABLE_MODULES = YES;
				CLANG_ENABLE_OBJC_ARC = YES;
				CLANG_ENABLE_OBJC_WEAK = YES;
				CLANG_WARN_BLOCK_CAPTURE_AUTORELEASING = YES;
				CLANG_WARN_BOOL_CONVERSION = YES;
				CLANG_WARN_COMMA = YES;
				CLANG_WARN_CONSTANT_CONVERSION = YES;
				CLANG_WARN_DEPRECATED_OBJC_IMPLEMENTATIONS = YES;
				CLANG_WARN_DIRECT_OBJC_ISA_USAGE = YES_ERROR;
				CLANG_WARN_DOCUMENTATION_COMMENTS = YES;
				CLANG_WARN_EMPTY_BODY = YES;
				CLANG_WARN_ENUM_CONVERSION = YES;
				CLANG_WARN_INFINITE_RECURSION = YES;
				CLANG_WARN_INT_CONVERSION = YES;
				CLANG_WARN_NON_LITERAL_NULL_CONVERSION = YES;
				CLANG_WARN_OBJC_IMPLICIT_RETAIN_SELF = YES;
				CLANG_WARN_OBJC_LITERAL_CONVERSION = YES;
				CLANG_WARN_OBJC_ROOT_CLASS = YES_ERROR;
				CLANG_WARN_QUOTED_INCLUDE_IN_FRAMEWORK_HEADER = YES;
				CLANG_WARN_RANGE_LOOP_ANALYSIS = YES;
				CLANG_WARN_STRICT_PROTOTYPES = YES;
				CLANG_WARN_SUSPICIOUS_MOVE = YES;
				CLANG_WARN_UNGUARDED_AVAILABILITY = YES_AGGRESSIVE;
				CLANG_WARN_UNREACHABLE_CODE = YES;
				CLANG_WARN__DUPLICATE_METHOD_MATCH = YES;
				COPY_PHASE_STRIP = NO;
				DEBUG_INFORMATION_FORMAT = dwarf;
				ENABLE_STRICT_OBJC_MSGSEND = YES;
				ENABLE_TESTABILITY = YES;
				GCC_C_LANGUAGE_STANDARD = gnu11;
				GCC_DYNAMIC_NO_PIC = NO;
				GCC_NO_COMMON_BLOCKS = YES;
				GCC_OPTIMIZATION_LEVEL = 0;
				GCC_PREPROCESSOR_DEFINITIONS = (
					"DEBUG=1",
					"$(inherited)",
				);
				GCC_WARN_64_TO_32_BIT_CONVERSION = YES;
				GCC_WARN_ABOUT_RETURN_TYPE = YES_ERROR;
				GCC_WARN_UNDECLARED_SELECTOR = YES;
				GCC_WARN_UNINITIALIZED_AUTOS = YES_AGGRESSIVE;
				GCC_WARN_UNUSED_FUNCTION = YES;
				GCC_WARN_UNUSED_VARIABLE = YES;
				IPHONEOS_DEPLOYMENT_TARGET = 14.5;
				MTL_ENABLE_DEBUG_INFO = INCLUDE_SOURCE;
				MTL_FAST_MATH = YES;
				ONLY_ACTIVE_ARCH = YES;
				SDKROOT = iphoneos;
				SWIFT_ACTIVE_COMPILATION_CONDITIONS = DEBUG;
				SWIFT_OPTIMIZATION_LEVEL = "-Onone";
			};
			name = Debug;
		};
		35706312271C9FD7009F03C7 /* Release */ = {
			isa = XCBuildConfiguration;
			buildSettings = {
				ALWAYS_SEARCH_USER_PATHS = NO;
				CLANG_ANALYZER_NONNULL = YES;
				CLANG_ANALYZER_NUMBER_OBJECT_CONVERSION = YES_AGGRESSIVE;
				CLANG_CXX_LANGUAGE_STANDARD = "gnu++14";
				CLANG_CXX_LIBRARY = "libc++";
				CLANG_ENABLE_MODULES = YES;
				CLANG_ENABLE_OBJC_ARC = YES;
				CLANG_ENABLE_OBJC_WEAK = YES;
				CLANG_WARN_BLOCK_CAPTURE_AUTORELEASING = YES;
				CLANG_WARN_BOOL_CONVERSION = YES;
				CLANG_WARN_COMMA = YES;
				CLANG_WARN_CONSTANT_CONVERSION = YES;
				CLANG_WARN_DEPRECATED_OBJC_IMPLEMENTATIONS = YES;
				CLANG_WARN_DIRECT_OBJC_ISA_USAGE = YES_ERROR;
				CLANG_WARN_DOCUMENTATION_COMMENTS = YES;
				CLANG_WARN_EMPTY_BODY = YES;
				CLANG_WARN_ENUM_CONVERSION = YES;
				CLANG_WARN_INFINITE_RECURSION = YES;
				CLANG_WARN_INT_CONVERSION = YES;
				CLANG_WARN_NON_LITERAL_NULL_CONVERSION = YES;
				CLANG_WARN_OBJC_IMPLICIT_RETAIN_SELF = YES;
				CLANG_WARN_OBJC_LITERAL_CONVERSION = YES;
				CLANG_WARN_OBJC_ROOT_CLASS = YES_ERROR;
				CLANG_WARN_QUOTED_INCLUDE_IN_FRAMEWORK_HEADER = YES;
				CLANG_WARN_RANGE_LOOP_ANALYSIS = YES;
				CLANG_WARN_STRICT_PROTOTYPES = YES;
				CLANG_WARN_SUSPICIOUS_MOVE = YES;
				CLANG_WARN_UNGUARDED_AVAILABILITY = YES_AGGRESSIVE;
				CLANG_WARN_UNREACHABLE_CODE = YES;
				CLANG_WARN__DUPLICATE_METHOD_MATCH = YES;
				COPY_PHASE_STRIP = NO;
				DEBUG_INFORMATION_FORMAT = "dwarf-with-dsym";
				ENABLE_NS_ASSERTIONS = NO;
				ENABLE_STRICT_OBJC_MSGSEND = YES;
				GCC_C_LANGUAGE_STANDARD = gnu11;
				GCC_NO_COMMON_BLOCKS = YES;
				GCC_WARN_64_TO_32_BIT_CONVERSION = YES;
				GCC_WARN_ABOUT_RETURN_TYPE = YES_ERROR;
				GCC_WARN_UNDECLARED_SELECTOR = YES;
				GCC_WARN_UNINITIALIZED_AUTOS = YES_AGGRESSIVE;
				GCC_WARN_UNUSED_FUNCTION = YES;
				GCC_WARN_UNUSED_VARIABLE = YES;
				IPHONEOS_DEPLOYMENT_TARGET = 14.5;
				MTL_ENABLE_DEBUG_INFO = NO;
				MTL_FAST_MATH = YES;
				SDKROOT = iphoneos;
				SWIFT_COMPILATION_MODE = wholemodule;
				SWIFT_OPTIMIZATION_LEVEL = "-O";
				VALIDATE_PRODUCT = YES;
			};
			name = Release;
		};
		35706314271C9FD7009F03C7 /* Debug */ = {
			isa = XCBuildConfiguration;
			buildSettings = {
				ASSETCATALOG_COMPILER_APPICON_NAME = AppIcon;
				ASSETCATALOG_COMPILER_GLOBAL_ACCENT_COLOR_NAME = AccentColor;
				CODE_SIGN_STYLE = Automatic;
				DEVELOPMENT_TEAM = TVYQC22742;
				INFOPLIST_FILE = ViewCollectionExample/Info.plist;
				LD_RUNPATH_SEARCH_PATHS = (
					"$(inherited)",
					"@executable_path/Frameworks",
				);
				PRODUCT_BUNDLE_IDENTIFIER = carloswilsonperez.ViewCollectionExample;
				PRODUCT_NAME = "$(TARGET_NAME)";
				SWIFT_VERSION = 5.0;
				TARGETED_DEVICE_FAMILY = "1,2";
			};
			name = Debug;
		};
		35706315271C9FD7009F03C7 /* Release */ = {
			isa = XCBuildConfiguration;
			buildSettings = {
				ASSETCATALOG_COMPILER_APPICON_NAME = AppIcon;
				ASSETCATALOG_COMPILER_GLOBAL_ACCENT_COLOR_NAME = AccentColor;
				CODE_SIGN_STYLE = Automatic;
				DEVELOPMENT_TEAM = TVYQC22742;
				INFOPLIST_FILE = ViewCollectionExample/Info.plist;
				LD_RUNPATH_SEARCH_PATHS = (
					"$(inherited)",
					"@executable_path/Frameworks",
				);
				PRODUCT_BUNDLE_IDENTIFIER = carloswilsonperez.ViewCollectionExample;
				PRODUCT_NAME = "$(TARGET_NAME)";
				SWIFT_VERSION = 5.0;
				TARGETED_DEVICE_FAMILY = "1,2";
			};
			name = Release;
		};
		35706317271C9FD7009F03C7 /* Debug */ = {
			isa = XCBuildConfiguration;
			buildSettings = {
				ALWAYS_EMBED_SWIFT_STANDARD_LIBRARIES = YES;
				BUNDLE_LOADER = "$(TEST_HOST)";
				CODE_SIGN_STYLE = Automatic;
				DEVELOPMENT_TEAM = TVYQC22742;
				INFOPLIST_FILE = ViewCollectionExampleTests/Info.plist;
				IPHONEOS_DEPLOYMENT_TARGET = 14.5;
				LD_RUNPATH_SEARCH_PATHS = (
					"$(inherited)",
					"@executable_path/Frameworks",
					"@loader_path/Frameworks",
				);
				PRODUCT_BUNDLE_IDENTIFIER = carloswilsonperez.ViewCollectionExampleTests;
				PRODUCT_NAME = "$(TARGET_NAME)";
				SWIFT_VERSION = 5.0;
				TARGETED_DEVICE_FAMILY = "1,2";
				TEST_HOST = "$(BUILT_PRODUCTS_DIR)/ViewCollectionExample.app/ViewCollectionExample";
			};
			name = Debug;
		};
		35706318271C9FD7009F03C7 /* Release */ = {
			isa = XCBuildConfiguration;
			buildSettings = {
				ALWAYS_EMBED_SWIFT_STANDARD_LIBRARIES = YES;
				BUNDLE_LOADER = "$(TEST_HOST)";
				CODE_SIGN_STYLE = Automatic;
				DEVELOPMENT_TEAM = TVYQC22742;
				INFOPLIST_FILE = ViewCollectionExampleTests/Info.plist;
				IPHONEOS_DEPLOYMENT_TARGET = 14.5;
				LD_RUNPATH_SEARCH_PATHS = (
					"$(inherited)",
					"@executable_path/Frameworks",
					"@loader_path/Frameworks",
				);
				PRODUCT_BUNDLE_IDENTIFIER = carloswilsonperez.ViewCollectionExampleTests;
				PRODUCT_NAME = "$(TARGET_NAME)";
				SWIFT_VERSION = 5.0;
				TARGETED_DEVICE_FAMILY = "1,2";
				TEST_HOST = "$(BUILT_PRODUCTS_DIR)/ViewCollectionExample.app/ViewCollectionExample";
			};
			name = Release;
		};
		3570631A271C9FD7009F03C7 /* Debug */ = {
			isa = XCBuildConfiguration;
			buildSettings = {
				ALWAYS_EMBED_SWIFT_STANDARD_LIBRARIES = YES;
				CODE_SIGN_STYLE = Automatic;
				DEVELOPMENT_TEAM = TVYQC22742;
				INFOPLIST_FILE = ViewCollectionExampleUITests/Info.plist;
				LD_RUNPATH_SEARCH_PATHS = (
					"$(inherited)",
					"@executable_path/Frameworks",
					"@loader_path/Frameworks",
				);
				PRODUCT_BUNDLE_IDENTIFIER = carloswilsonperez.ViewCollectionExampleUITests;
				PRODUCT_NAME = "$(TARGET_NAME)";
				SWIFT_VERSION = 5.0;
				TARGETED_DEVICE_FAMILY = "1,2";
				TEST_TARGET_NAME = ViewCollectionExample;
			};
			name = Debug;
		};
		3570631B271C9FD7009F03C7 /* Release */ = {
			isa = XCBuildConfiguration;
			buildSettings = {
				ALWAYS_EMBED_SWIFT_STANDARD_LIBRARIES = YES;
				CODE_SIGN_STYLE = Automatic;
				DEVELOPMENT_TEAM = TVYQC22742;
				INFOPLIST_FILE = ViewCollectionExampleUITests/Info.plist;
				LD_RUNPATH_SEARCH_PATHS = (
					"$(inherited)",
					"@executable_path/Frameworks",
					"@loader_path/Frameworks",
				);
				PRODUCT_BUNDLE_IDENTIFIER = carloswilsonperez.ViewCollectionExampleUITests;
				PRODUCT_NAME = "$(TARGET_NAME)";
				SWIFT_VERSION = 5.0;
				TARGETED_DEVICE_FAMILY = "1,2";
				TEST_TARGET_NAME = ViewCollectionExample;
			};
			name = Release;
		};
/* End XCBuildConfiguration section */

/* Begin XCConfigurationList section */
		357062E1271C9FD4009F03C7 /* Build configuration list for PBXProject "ViewCollectionExample" */ = {
			isa = XCConfigurationList;
			buildConfigurations = (
				35706311271C9FD7009F03C7 /* Debug */,
				35706312271C9FD7009F03C7 /* Release */,
			);
			defaultConfigurationIsVisible = 0;
			defaultConfigurationName = Release;
		};
		35706313271C9FD7009F03C7 /* Build configuration list for PBXNativeTarget "ViewCollectionExample" */ = {
			isa = XCConfigurationList;
			buildConfigurations = (
				35706314271C9FD7009F03C7 /* Debug */,
				35706315271C9FD7009F03C7 /* Release */,
			);
			defaultConfigurationIsVisible = 0;
			defaultConfigurationName = Release;
		};
		35706316271C9FD7009F03C7 /* Build configuration list for PBXNativeTarget "ViewCollectionExampleTests" */ = {
			isa = XCConfigurationList;
			buildConfigurations = (
				35706317271C9FD7009F03C7 /* Debug */,
				35706318271C9FD7009F03C7 /* Release */,
			);
			defaultConfigurationIsVisible = 0;
			defaultConfigurationName = Release;
		};
		35706319271C9FD7009F03C7 /* Build configuration list for PBXNativeTarget "ViewCollectionExampleUITests" */ = {
			isa = XCConfigurationList;
			buildConfigurations = (
				3570631A271C9FD7009F03C7 /* Debug */,
				3570631B271C9FD7009F03C7 /* Release */,
			);
			defaultConfigurationIsVisible = 0;
			defaultConfigurationName = Release;
		};
/* End XCConfigurationList section */

/* Begin XCVersionGroup section */
		357062F2271C9FD4009F03C7 /* ViewCollectionExample.xcdatamodeld */ = {
			isa = XCVersionGroup;
			children = (
				357062F3271C9FD4009F03C7 /* ViewCollectionExample.xcdatamodel */,
			);
			currentVersion = 357062F3271C9FD4009F03C7 /* ViewCollectionExample.xcdatamodel */;
			path = ViewCollectionExample.xcdatamodeld;
			sourceTree = "<group>";
			versionGroupType = wrapper.xcdatamodel;
		};
/* End XCVersionGroup section */
	};
	rootObject = 357062DE271C9FD4009F03C7 /* Project object */;
}
