// !$*UTF8*$!
{
	archiveVersion = 1;
	classes = {
	};
	objectVersion = 50;
	objects = {

/* Begin PBXBuildFile section */
		35C8109326D9BC100068B719 /* SwiftUI2App.swift in Sources */ = {isa = PBXBuildFile; fileRef = 35C8109226D9BC100068B719 /* SwiftUI2App.swift */; };
		35C8109526D9BC100068B719 /* ContentView.swift in Sources */ = {isa = PBXBuildFile; fileRef = 35C8109426D9BC100068B719 /* ContentView.swift */; };
		35C8109726D9BC110068B719 /* Assets.xcassets in Resources */ = {isa = PBXBuildFile; fileRef = 35C8109626D9BC110068B719 /* Assets.xcassets */; };
		35C8109A26D9BC110068B719 /* Preview Assets.xcassets in Resources */ = {isa = PBXBuildFile; fileRef = 35C8109926D9BC110068B719 /* Preview Assets.xcassets */; };
		35C810A526D9BC110068B719 /* SwiftUI2Tests.swift in Sources */ = {isa = PBXBuildFile; fileRef = 35C810A426D9BC110068B719 /* SwiftUI2Tests.swift */; };
		35C810B026D9BC110068B719 /* SwiftUI2UITests.swift in Sources */ = {isa = PBXBuildFile; fileRef = 35C810AF26D9BC110068B719 /* SwiftUI2UITests.swift */; };
		35C810BE26DAE2800068B719 /* ZStack.swift in Sources */ = {isa = PBXBuildFile; fileRef = 35C810BD26DAE2800068B719 /* ZStack.swift */; };
		35C810C026DC353B0068B719 /* TabView.swift in Sources */ = {isa = PBXBuildFile; fileRef = 35C810BF26DC353B0068B719 /* TabView.swift */; };
		35CA02D026DC407D004D216A /* Navigations.swift in Sources */ = {isa = PBXBuildFile; fileRef = 35CA02CF26DC407D004D216A /* Navigations.swift */; };
/* End PBXBuildFile section */

/* Begin PBXContainerItemProxy section */
		35C810A126D9BC110068B719 /* PBXContainerItemProxy */ = {
			isa = PBXContainerItemProxy;
			containerPortal = 35C8108726D9BC100068B719 /* Project object */;
			proxyType = 1;
			remoteGlobalIDString = 35C8108E26D9BC100068B719;
			remoteInfo = SwiftUI2;
		};
		35C810AC26D9BC110068B719 /* PBXContainerItemProxy */ = {
			isa = PBXContainerItemProxy;
			containerPortal = 35C8108726D9BC100068B719 /* Project object */;
			proxyType = 1;
			remoteGlobalIDString = 35C8108E26D9BC100068B719;
			remoteInfo = SwiftUI2;
		};
/* End PBXContainerItemProxy section */

/* Begin PBXFileReference section */
		35C8108F26D9BC100068B719 /* SwiftUI2.app */ = {isa = PBXFileReference; explicitFileType = wrapper.application; includeInIndex = 0; path = SwiftUI2.app; sourceTree = BUILT_PRODUCTS_DIR; };
		35C8109226D9BC100068B719 /* SwiftUI2App.swift */ = {isa = PBXFileReference; lastKnownFileType = sourcecode.swift; path = SwiftUI2App.swift; sourceTree = "<group>"; };
		35C8109426D9BC100068B719 /* ContentView.swift */ = {isa = PBXFileReference; lastKnownFileType = sourcecode.swift; path = ContentView.swift; sourceTree = "<group>"; };
		35C8109626D9BC110068B719 /* Assets.xcassets */ = {isa = PBXFileReference; lastKnownFileType = folder.assetcatalog; path = Assets.xcassets; sourceTree = "<group>"; };
		35C8109926D9BC110068B719 /* Preview Assets.xcassets */ = {isa = PBXFileReference; lastKnownFileType = folder.assetcatalog; path = "Preview Assets.xcassets"; sourceTree = "<group>"; };
		35C8109B26D9BC110068B719 /* Info.plist */ = {isa = PBXFileReference; lastKnownFileType = text.plist.xml; path = Info.plist; sourceTree = "<group>"; };
		35C810A026D9BC110068B719 /* SwiftUI2Tests.xctest */ = {isa = PBXFileReference; explicitFileType = wrapper.cfbundle; includeInIndex = 0; path = SwiftUI2Tests.xctest; sourceTree = BUILT_PRODUCTS_DIR; };
		35C810A426D9BC110068B719 /* SwiftUI2Tests.swift */ = {isa = PBXFileReference; lastKnownFileType = sourcecode.swift; path = SwiftUI2Tests.swift; sourceTree = "<group>"; };
		35C810A626D9BC110068B719 /* Info.plist */ = {isa = PBXFileReference; lastKnownFileType = text.plist.xml; path = Info.plist; sourceTree = "<group>"; };
		35C810AB26D9BC110068B719 /* SwiftUI2UITests.xctest */ = {isa = PBXFileReference; explicitFileType = wrapper.cfbundle; includeInIndex = 0; path = SwiftUI2UITests.xctest; sourceTree = BUILT_PRODUCTS_DIR; };
		35C810AF26D9BC110068B719 /* SwiftUI2UITests.swift */ = {isa = PBXFileReference; lastKnownFileType = sourcecode.swift; path = SwiftUI2UITests.swift; sourceTree = "<group>"; };
		35C810B126D9BC110068B719 /* Info.plist */ = {isa = PBXFileReference; lastKnownFileType = text.plist.xml; path = Info.plist; sourceTree = "<group>"; };
		35C810BD26DAE2800068B719 /* ZStack.swift */ = {isa = PBXFileReference; lastKnownFileType = sourcecode.swift; path = ZStack.swift; sourceTree = "<group>"; };
		35C810BF26DC353B0068B719 /* TabView.swift */ = {isa = PBXFileReference; lastKnownFileType = sourcecode.swift; path = TabView.swift; sourceTree = "<group>"; };
		35CA02CF26DC407D004D216A /* Navigations.swift */ = {isa = PBXFileReference; lastKnownFileType = sourcecode.swift; path = Navigations.swift; sourceTree = "<group>"; };
/* End PBXFileReference section */

/* Begin PBXFrameworksBuildPhase section */
		35C8108C26D9BC100068B719 /* Frameworks */ = {
			isa = PBXFrameworksBuildPhase;
			buildActionMask = 2147483647;
			files = (
			);
			runOnlyForDeploymentPostprocessing = 0;
		};
		35C8109D26D9BC110068B719 /* Frameworks */ = {
			isa = PBXFrameworksBuildPhase;
			buildActionMask = 2147483647;
			files = (
			);
			runOnlyForDeploymentPostprocessing = 0;
		};
		35C810A826D9BC110068B719 /* Frameworks */ = {
			isa = PBXFrameworksBuildPhase;
			buildActionMask = 2147483647;
			files = (
			);
			runOnlyForDeploymentPostprocessing = 0;
		};
/* End PBXFrameworksBuildPhase section */

/* Begin PBXGroup section */
		35C8108626D9BC100068B719 = {
			isa = PBXGroup;
			children = (
				35C8109126D9BC100068B719 /* SwiftUI2 */,
				35C810A326D9BC110068B719 /* SwiftUI2Tests */,
				35C810AE26D9BC110068B719 /* SwiftUI2UITests */,
				35C8109026D9BC100068B719 /* Products */,
			);
			sourceTree = "<group>";
		};
		35C8109026D9BC100068B719 /* Products */ = {
			isa = PBXGroup;
			children = (
				35C8108F26D9BC100068B719 /* SwiftUI2.app */,
				35C810A026D9BC110068B719 /* SwiftUI2Tests.xctest */,
				35C810AB26D9BC110068B719 /* SwiftUI2UITests.xctest */,
			);
			name = Products;
			sourceTree = "<group>";
		};
		35C8109126D9BC100068B719 /* SwiftUI2 */ = {
			isa = PBXGroup;
			children = (
				35C8109226D9BC100068B719 /* SwiftUI2App.swift */,
				35C8109426D9BC100068B719 /* ContentView.swift */,
				35C8109626D9BC110068B719 /* Assets.xcassets */,
				35C8109B26D9BC110068B719 /* Info.plist */,
				35C8109826D9BC110068B719 /* Preview Content */,
				35C810BD26DAE2800068B719 /* ZStack.swift */,
				35C810BF26DC353B0068B719 /* TabView.swift */,
				35CA02CF26DC407D004D216A /* Navigations.swift */,
			);
			path = SwiftUI2;
			sourceTree = "<group>";
		};
		35C8109826D9BC110068B719 /* Preview Content */ = {
			isa = PBXGroup;
			children = (
				35C8109926D9BC110068B719 /* Preview Assets.xcassets */,
			);
			path = "Preview Content";
			sourceTree = "<group>";
		};
		35C810A326D9BC110068B719 /* SwiftUI2Tests */ = {
			isa = PBXGroup;
			children = (
				35C810A426D9BC110068B719 /* SwiftUI2Tests.swift */,
				35C810A626D9BC110068B719 /* Info.plist */,
			);
			path = SwiftUI2Tests;
			sourceTree = "<group>";
		};
		35C810AE26D9BC110068B719 /* SwiftUI2UITests */ = {
			isa = PBXGroup;
			children = (
				35C810AF26D9BC110068B719 /* SwiftUI2UITests.swift */,
				35C810B126D9BC110068B719 /* Info.plist */,
			);
			path = SwiftUI2UITests;
			sourceTree = "<group>";
		};
/* End PBXGroup section */

/* Begin PBXNativeTarget section */
		35C8108E26D9BC100068B719 /* SwiftUI2 */ = {
			isa = PBXNativeTarget;
			buildConfigurationList = 35C810B426D9BC110068B719 /* Build configuration list for PBXNativeTarget "SwiftUI2" */;
			buildPhases = (
				35C8108B26D9BC100068B719 /* Sources */,
				35C8108C26D9BC100068B719 /* Frameworks */,
				35C8108D26D9BC100068B719 /* Resources */,
			);
			buildRules = (
			);
			dependencies = (
			);
			name = SwiftUI2;
			productName = SwiftUI2;
			productReference = 35C8108F26D9BC100068B719 /* SwiftUI2.app */;
			productType = "com.apple.product-type.application";
		};
		35C8109F26D9BC110068B719 /* SwiftUI2Tests */ = {
			isa = PBXNativeTarget;
			buildConfigurationList = 35C810B726D9BC110068B719 /* Build configuration list for PBXNativeTarget "SwiftUI2Tests" */;
			buildPhases = (
				35C8109C26D9BC110068B719 /* Sources */,
				35C8109D26D9BC110068B719 /* Frameworks */,
				35C8109E26D9BC110068B719 /* Resources */,
			);
			buildRules = (
			);
			dependencies = (
				35C810A226D9BC110068B719 /* PBXTargetDependency */,
			);
			name = SwiftUI2Tests;
			productName = SwiftUI2Tests;
			productReference = 35C810A026D9BC110068B719 /* SwiftUI2Tests.xctest */;
			productType = "com.apple.product-type.bundle.unit-test";
		};
		35C810AA26D9BC110068B719 /* SwiftUI2UITests */ = {
			isa = PBXNativeTarget;
			buildConfigurationList = 35C810BA26D9BC110068B719 /* Build configuration list for PBXNativeTarget "SwiftUI2UITests" */;
			buildPhases = (
				35C810A726D9BC110068B719 /* Sources */,
				35C810A826D9BC110068B719 /* Frameworks */,
				35C810A926D9BC110068B719 /* Resources */,
			);
			buildRules = (
			);
			dependencies = (
				35C810AD26D9BC110068B719 /* PBXTargetDependency */,
			);
			name = SwiftUI2UITests;
			productName = SwiftUI2UITests;
			productReference = 35C810AB26D9BC110068B719 /* SwiftUI2UITests.xctest */;
			productType = "com.apple.product-type.bundle.ui-testing";
		};
/* End PBXNativeTarget section */

/* Begin PBXProject section */
		35C8108726D9BC100068B719 /* Project object */ = {
			isa = PBXProject;
			attributes = {
				LastSwiftUpdateCheck = 1250;
				LastUpgradeCheck = 1250;
				TargetAttributes = {
					35C8108E26D9BC100068B719 = {
						CreatedOnToolsVersion = 12.5.1;
					};
					35C8109F26D9BC110068B719 = {
						CreatedOnToolsVersion = 12.5.1;
						TestTargetID = 35C8108E26D9BC100068B719;
					};
					35C810AA26D9BC110068B719 = {
						CreatedOnToolsVersion = 12.5.1;
						TestTargetID = 35C8108E26D9BC100068B719;
					};
				};
			};
			buildConfigurationList = 35C8108A26D9BC100068B719 /* Build configuration list for PBXProject "SwiftUI2" */;
			compatibilityVersion = "Xcode 9.3";
			developmentRegion = en;
			hasScannedForEncodings = 0;
			knownRegions = (
				en,
				Base,
			);
			mainGroup = 35C8108626D9BC100068B719;
			productRefGroup = 35C8109026D9BC100068B719 /* Products */;
			projectDirPath = "";
			projectRoot = "";
			targets = (
				35C8108E26D9BC100068B719 /* SwiftUI2 */,
				35C8109F26D9BC110068B719 /* SwiftUI2Tests */,
				35C810AA26D9BC110068B719 /* SwiftUI2UITests */,
			);
		};
/* End PBXProject section */

/* Begin PBXResourcesBuildPhase section */
		35C8108D26D9BC100068B719 /* Resources */ = {
			isa = PBXResourcesBuildPhase;
			buildActionMask = 2147483647;
			files = (
				35C8109A26D9BC110068B719 /* Preview Assets.xcassets in Resources */,
				35C8109726D9BC110068B719 /* Assets.xcassets in Resources */,
			);
			runOnlyForDeploymentPostprocessing = 0;
		};
		35C8109E26D9BC110068B719 /* Resources */ = {
			isa = PBXResourcesBuildPhase;
			buildActionMask = 2147483647;
			files = (
			);
			runOnlyForDeploymentPostprocessing = 0;
		};
		35C810A926D9BC110068B719 /* Resources */ = {
			isa = PBXResourcesBuildPhase;
			buildActionMask = 2147483647;
			files = (
			);
			runOnlyForDeploymentPostprocessing = 0;
		};
/* End PBXResourcesBuildPhase section */

/* Begin PBXSourcesBuildPhase section */
		35C8108B26D9BC100068B719 /* Sources */ = {
			isa = PBXSourcesBuildPhase;
			buildActionMask = 2147483647;
			files = (
				35C810BE26DAE2800068B719 /* ZStack.swift in Sources */,
				35C8109526D9BC100068B719 /* ContentView.swift in Sources */,
				35C810C026DC353B0068B719 /* TabView.swift in Sources */,
				35CA02D026DC407D004D216A /* Navigations.swift in Sources */,
				35C8109326D9BC100068B719 /* SwiftUI2App.swift in Sources */,
			);
			runOnlyForDeploymentPostprocessing = 0;
		};
		35C8109C26D9BC110068B719 /* Sources */ = {
			isa = PBXSourcesBuildPhase;
			buildActionMask = 2147483647;
			files = (
				35C810A526D9BC110068B719 /* SwiftUI2Tests.swift in Sources */,
			);
			runOnlyForDeploymentPostprocessing = 0;
		};
		35C810A726D9BC110068B719 /* Sources */ = {
			isa = PBXSourcesBuildPhase;
			buildActionMask = 2147483647;
			files = (
				35C810B026D9BC110068B719 /* SwiftUI2UITests.swift in Sources */,
			);
			runOnlyForDeploymentPostprocessing = 0;
		};
/* End PBXSourcesBuildPhase section */

/* Begin PBXTargetDependency section */
		35C810A226D9BC110068B719 /* PBXTargetDependency */ = {
			isa = PBXTargetDependency;
			target = 35C8108E26D9BC100068B719 /* SwiftUI2 */;
			targetProxy = 35C810A126D9BC110068B719 /* PBXContainerItemProxy */;
		};
		35C810AD26D9BC110068B719 /* PBXTargetDependency */ = {
			isa = PBXTargetDependency;
			target = 35C8108E26D9BC100068B719 /* SwiftUI2 */;
			targetProxy = 35C810AC26D9BC110068B719 /* PBXContainerItemProxy */;
		};
/* End PBXTargetDependency section */

/* Begin XCBuildConfiguration section */
		35C810B226D9BC110068B719 /* Debug */ = {
			isa = XCBuildConfiguration;
			buildSettings = {
				ALWAYS_SEARCH_USER_PATHS = NO;
				CLANG_ANALYZER_NONNULL = YES;
				CLANG_ANALYZER_NUMBER_OBJECT_CONVERSION = YES_AGGRESSIVE;
				CLANG_CXX_LANGUAGE_STANDARD = "gnu++14";
				CLANG_CXX_LIBRARY = "libc++";
				CLANG_ENABLE_MODULES = YES;
				CLANG_ENABLE_OBJC_ARC = YES;
				CLANG_ENABLE_OBJC_WEAK = YES;
				CLANG_WARN_BLOCK_CAPTURE_AUTORELEASING = YES;
				CLANG_WARN_BOOL_CONVERSION = YES;
				CLANG_WARN_COMMA = YES;
				CLANG_WARN_CONSTANT_CONVERSION = YES;
				CLANG_WARN_DEPRECATED_OBJC_IMPLEMENTATIONS = YES;
				CLANG_WARN_DIRECT_OBJC_ISA_USAGE = YES_ERROR;
				CLANG_WARN_DOCUMENTATION_COMMENTS = YES;
				CLANG_WARN_EMPTY_BODY = YES;
				CLANG_WARN_ENUM_CONVERSION = YES;
				CLANG_WARN_INFINITE_RECURSION = YES;
				CLANG_WARN_INT_CONVERSION = YES;
				CLANG_WARN_NON_LITERAL_NULL_CONVERSION = YES;
				CLANG_WARN_OBJC_IMPLICIT_RETAIN_SELF = YES;
				CLANG_WARN_OBJC_LITERAL_CONVERSION = YES;
				CLANG_WARN_OBJC_ROOT_CLASS = YES_ERROR;
				CLANG_WARN_QUOTED_INCLUDE_IN_FRAMEWORK_HEADER = YES;
				CLANG_WARN_RANGE_LOOP_ANALYSIS = YES;
				CLANG_WARN_STRICT_PROTOTYPES = YES;
				CLANG_WARN_SUSPICIOUS_MOVE = YES;
				CLANG_WARN_UNGUARDED_AVAILABILITY = YES_AGGRESSIVE;
				CLANG_WARN_UNREACHABLE_CODE = YES;
				CLANG_WARN__DUPLICATE_METHOD_MATCH = YES;
				COPY_PHASE_STRIP = NO;
				DEBUG_INFORMATION_FORMAT = dwarf;
				ENABLE_STRICT_OBJC_MSGSEND = YES;
				ENABLE_TESTABILITY = YES;
				GCC_C_LANGUAGE_STANDARD = gnu11;
				GCC_DYNAMIC_NO_PIC = NO;
				GCC_NO_COMMON_BLOCKS = YES;
				GCC_OPTIMIZATION_LEVEL = 0;
				GCC_PREPROCESSOR_DEFINITIONS = (
					"DEBUG=1",
					"$(inherited)",
				);
				GCC_WARN_64_TO_32_BIT_CONVERSION = YES;
				GCC_WARN_ABOUT_RETURN_TYPE = YES_ERROR;
				GCC_WARN_UNDECLARED_SELECTOR = YES;
				GCC_WARN_UNINITIALIZED_AUTOS = YES_AGGRESSIVE;
				GCC_WARN_UNUSED_FUNCTION = YES;
				GCC_WARN_UNUSED_VARIABLE = YES;
				IPHONEOS_DEPLOYMENT_TARGET = 14.5;
				MTL_ENABLE_DEBUG_INFO = INCLUDE_SOURCE;
				MTL_FAST_MATH = YES;
				ONLY_ACTIVE_ARCH = YES;
				SDKROOT = iphoneos;
				SWIFT_ACTIVE_COMPILATION_CONDITIONS = DEBUG;
				SWIFT_OPTIMIZATION_LEVEL = "-Onone";
			};
			name = Debug;
		};
		35C810B326D9BC110068B719 /* Release */ = {
			isa = XCBuildConfiguration;
			buildSettings = {
				ALWAYS_SEARCH_USER_PATHS = NO;
				CLANG_ANALYZER_NONNULL = YES;
				CLANG_ANALYZER_NUMBER_OBJECT_CONVERSION = YES_AGGRESSIVE;
				CLANG_CXX_LANGUAGE_STANDARD = "gnu++14";
				CLANG_CXX_LIBRARY = "libc++";
				CLANG_ENABLE_MODULES = YES;
				CLANG_ENABLE_OBJC_ARC = YES;
				CLANG_ENABLE_OBJC_WEAK = YES;
				CLANG_WARN_BLOCK_CAPTURE_AUTORELEASING = YES;
				CLANG_WARN_BOOL_CONVERSION = YES;
				CLANG_WARN_COMMA = YES;
				CLANG_WARN_CONSTANT_CONVERSION = YES;
				CLANG_WARN_DEPRECATED_OBJC_IMPLEMENTATIONS = YES;
				CLANG_WARN_DIRECT_OBJC_ISA_USAGE = YES_ERROR;
				CLANG_WARN_DOCUMENTATION_COMMENTS = YES;
				CLANG_WARN_EMPTY_BODY = YES;
				CLANG_WARN_ENUM_CONVERSION = YES;
				CLANG_WARN_INFINITE_RECURSION = YES;
				CLANG_WARN_INT_CONVERSION = YES;
				CLANG_WARN_NON_LITERAL_NULL_CONVERSION = YES;
				CLANG_WARN_OBJC_IMPLICIT_RETAIN_SELF = YES;
				CLANG_WARN_OBJC_LITERAL_CONVERSION = YES;
				CLANG_WARN_OBJC_ROOT_CLASS = YES_ERROR;
				CLANG_WARN_QUOTED_INCLUDE_IN_FRAMEWORK_HEADER = YES;
				CLANG_WARN_RANGE_LOOP_ANALYSIS = YES;
				CLANG_WARN_STRICT_PROTOTYPES = YES;
				CLANG_WARN_SUSPICIOUS_MOVE = YES;
				CLANG_WARN_UNGUARDED_AVAILABILITY = YES_AGGRESSIVE;
				CLANG_WARN_UNREACHABLE_CODE = YES;
				CLANG_WARN__DUPLICATE_METHOD_MATCH = YES;
				COPY_PHASE_STRIP = NO;
				DEBUG_INFORMATION_FORMAT = "dwarf-with-dsym";
				ENABLE_NS_ASSERTIONS = NO;
				ENABLE_STRICT_OBJC_MSGSEND = YES;
				GCC_C_LANGUAGE_STANDARD = gnu11;
				GCC_NO_COMMON_BLOCKS = YES;
				GCC_WARN_64_TO_32_BIT_CONVERSION = YES;
				GCC_WARN_ABOUT_RETURN_TYPE = YES_ERROR;
				GCC_WARN_UNDECLARED_SELECTOR = YES;
				GCC_WARN_UNINITIALIZED_AUTOS = YES_AGGRESSIVE;
				GCC_WARN_UNUSED_FUNCTION = YES;
				GCC_WARN_UNUSED_VARIABLE = YES;
				IPHONEOS_DEPLOYMENT_TARGET = 14.5;
				MTL_ENABLE_DEBUG_INFO = NO;
				MTL_FAST_MATH = YES;
				SDKROOT = iphoneos;
				SWIFT_COMPILATION_MODE = wholemodule;
				SWIFT_OPTIMIZATION_LEVEL = "-O";
				VALIDATE_PRODUCT = YES;
			};
			name = Release;
		};
		35C810B526D9BC110068B719 /* Debug */ = {
			isa = XCBuildConfiguration;
			buildSettings = {
				ASSETCATALOG_COMPILER_APPICON_NAME = AppIcon;
				ASSETCATALOG_COMPILER_GLOBAL_ACCENT_COLOR_NAME = AccentColor;
				CODE_SIGN_STYLE = Automatic;
				DEVELOPMENT_ASSET_PATHS = "\"SwiftUI2/Preview Content\"";
				DEVELOPMENT_TEAM = TVYQC22742;
				ENABLE_PREVIEWS = YES;
				INFOPLIST_FILE = SwiftUI2/Info.plist;
				IPHONEOS_DEPLOYMENT_TARGET = 14.0;
				LD_RUNPATH_SEARCH_PATHS = (
					"$(inherited)",
					"@executable_path/Frameworks",
				);
				PRODUCT_BUNDLE_IDENTIFIER = carloswilsonperez.SwiftUI2;
				PRODUCT_NAME = "$(TARGET_NAME)";
				SWIFT_VERSION = 5.0;
				TARGETED_DEVICE_FAMILY = "1,2";
			};
			name = Debug;
		};
		35C810B626D9BC110068B719 /* Release */ = {
			isa = XCBuildConfiguration;
			buildSettings = {
				ASSETCATALOG_COMPILER_APPICON_NAME = AppIcon;
				ASSETCATALOG_COMPILER_GLOBAL_ACCENT_COLOR_NAME = AccentColor;
				CODE_SIGN_STYLE = Automatic;
				DEVELOPMENT_ASSET_PATHS = "\"SwiftUI2/Preview Content\"";
				DEVELOPMENT_TEAM = TVYQC22742;
				ENABLE_PREVIEWS = YES;
				INFOPLIST_FILE = SwiftUI2/Info.plist;
				IPHONEOS_DEPLOYMENT_TARGET = 14.0;
				LD_RUNPATH_SEARCH_PATHS = (
					"$(inherited)",
					"@executable_path/Frameworks",
				);
				PRODUCT_BUNDLE_IDENTIFIER = carloswilsonperez.SwiftUI2;
				PRODUCT_NAME = "$(TARGET_NAME)";
				SWIFT_VERSION = 5.0;
				TARGETED_DEVICE_FAMILY = "1,2";
			};
			name = Release;
		};
		35C810B826D9BC110068B719 /* Debug */ = {
			isa = XCBuildConfiguration;
			buildSettings = {
				ALWAYS_EMBED_SWIFT_STANDARD_LIBRARIES = YES;
				BUNDLE_LOADER = "$(TEST_HOST)";
				CODE_SIGN_STYLE = Automatic;
				DEVELOPMENT_TEAM = TVYQC22742;
				INFOPLIST_FILE = SwiftUI2Tests/Info.plist;
				IPHONEOS_DEPLOYMENT_TARGET = 14.0;
				LD_RUNPATH_SEARCH_PATHS = (
					"$(inherited)",
					"@executable_path/Frameworks",
					"@loader_path/Frameworks",
				);
				PRODUCT_BUNDLE_IDENTIFIER = carloswilsonperez.SwiftUI2Tests;
				PRODUCT_NAME = "$(TARGET_NAME)";
				SWIFT_VERSION = 5.0;
				TARGETED_DEVICE_FAMILY = "1,2";
				TEST_HOST = "$(BUILT_PRODUCTS_DIR)/SwiftUI2.app/SwiftUI2";
			};
			name = Debug;
		};
		35C810B926D9BC110068B719 /* Release */ = {
			isa = XCBuildConfiguration;
			buildSettings = {
				ALWAYS_EMBED_SWIFT_STANDARD_LIBRARIES = YES;
				BUNDLE_LOADER = "$(TEST_HOST)";
				CODE_SIGN_STYLE = Automatic;
				DEVELOPMENT_TEAM = TVYQC22742;
				INFOPLIST_FILE = SwiftUI2Tests/Info.plist;
				IPHONEOS_DEPLOYMENT_TARGET = 14.0;
				LD_RUNPATH_SEARCH_PATHS = (
					"$(inherited)",
					"@executable_path/Frameworks",
					"@loader_path/Frameworks",
				);
				PRODUCT_BUNDLE_IDENTIFIER = carloswilsonperez.SwiftUI2Tests;
				PRODUCT_NAME = "$(TARGET_NAME)";
				SWIFT_VERSION = 5.0;
				TARGETED_DEVICE_FAMILY = "1,2";
				TEST_HOST = "$(BUILT_PRODUCTS_DIR)/SwiftUI2.app/SwiftUI2";
			};
			name = Release;
		};
		35C810BB26D9BC110068B719 /* Debug */ = {
			isa = XCBuildConfiguration;
			buildSettings = {
				ALWAYS_EMBED_SWIFT_STANDARD_LIBRARIES = YES;
				CODE_SIGN_STYLE = Automatic;
				DEVELOPMENT_TEAM = TVYQC22742;
				INFOPLIST_FILE = SwiftUI2UITests/Info.plist;
				LD_RUNPATH_SEARCH_PATHS = (
					"$(inherited)",
					"@executable_path/Frameworks",
					"@loader_path/Frameworks",
				);
				PRODUCT_BUNDLE_IDENTIFIER = carloswilsonperez.SwiftUI2UITests;
				PRODUCT_NAME = "$(TARGET_NAME)";
				SWIFT_VERSION = 5.0;
				TARGETED_DEVICE_FAMILY = "1,2";
				TEST_TARGET_NAME = SwiftUI2;
			};
			name = Debug;
		};
		35C810BC26D9BC110068B719 /* Release */ = {
			isa = XCBuildConfiguration;
			buildSettings = {
				ALWAYS_EMBED_SWIFT_STANDARD_LIBRARIES = YES;
				CODE_SIGN_STYLE = Automatic;
				DEVELOPMENT_TEAM = TVYQC22742;
				INFOPLIST_FILE = SwiftUI2UITests/Info.plist;
				LD_RUNPATH_SEARCH_PATHS = (
					"$(inherited)",
					"@executable_path/Frameworks",
					"@loader_path/Frameworks",
				);
				PRODUCT_BUNDLE_IDENTIFIER = carloswilsonperez.SwiftUI2UITests;
				PRODUCT_NAME = "$(TARGET_NAME)";
				SWIFT_VERSION = 5.0;
				TARGETED_DEVICE_FAMILY = "1,2";
				TEST_TARGET_NAME = SwiftUI2;
			};
			name = Release;
		};
/* End XCBuildConfiguration section */

/* Begin XCConfigurationList section */
		35C8108A26D9BC100068B719 /* Build configuration list for PBXProject "SwiftUI2" */ = {
			isa = XCConfigurationList;
			buildConfigurations = (
				35C810B226D9BC110068B719 /* Debug */,
				35C810B326D9BC110068B719 /* Release */,
			);
			defaultConfigurationIsVisible = 0;
			defaultConfigurationName = Release;
		};
		35C810B426D9BC110068B719 /* Build configuration list for PBXNativeTarget "SwiftUI2" */ = {
			isa = XCConfigurationList;
			buildConfigurations = (
				35C810B526D9BC110068B719 /* Debug */,
				35C810B626D9BC110068B719 /* Release */,
			);
			defaultConfigurationIsVisible = 0;
			defaultConfigurationName = Release;
		};
		35C810B726D9BC110068B719 /* Build configuration list for PBXNativeTarget "SwiftUI2Tests" */ = {
			isa = XCConfigurationList;
			buildConfigurations = (
				35C810B826D9BC110068B719 /* Debug */,
				35C810B926D9BC110068B719 /* Release */,
			);
			defaultConfigurationIsVisible = 0;
			defaultConfigurationName = Release;
		};
		35C810BA26D9BC110068B719 /* Build configuration list for PBXNativeTarget "SwiftUI2UITests" */ = {
			isa = XCConfigurationList;
			buildConfigurations = (
				35C810BB26D9BC110068B719 /* Debug */,
				35C810BC26D9BC110068B719 /* Release */,
			);
			defaultConfigurationIsVisible = 0;
			defaultConfigurationName = Release;
		};
/* End XCConfigurationList section */
	};
	rootObject = 35C8108726D9BC100068B719 /* Project object */;
}
