// !$*UTF8*$!
{
	archiveVersion = 1;
	classes = {
	};
	objectVersion = 50;
	objects = {

/* Begin PBXBuildFile section */
		3520A170273445F000155E0D /* AppDelegate.swift in Sources */ = {isa = PBXBuildFile; fileRef = 3520A16F273445F000155E0D /* AppDelegate.swift */; };
		3520A172273445F000155E0D /* SceneDelegate.swift in Sources */ = {isa = PBXBuildFile; fileRef = 3520A171273445F000155E0D /* SceneDelegate.swift */; };
		3520A174273445F000155E0D /* ViewController.swift in Sources */ = {isa = PBXBuildFile; fileRef = 3520A173273445F000155E0D /* ViewController.swift */; };
		3520A177273445F000155E0D /* Main.storyboard in Resources */ = {isa = PBXBuildFile; fileRef = 3520A175273445F000155E0D /* Main.storyboard */; };
		3520A179273445F300155E0D /* Assets.xcassets in Resources */ = {isa = PBXBuildFile; fileRef = 3520A178273445F300155E0D /* Assets.xcassets */; };
		3520A17C273445F300155E0D /* LaunchScreen.storyboard in Resources */ = {isa = PBXBuildFile; fileRef = 3520A17A273445F300155E0D /* LaunchScreen.storyboard */; };
		3520A187273445F300155E0D /* UserDefaultsDemoTests.swift in Sources */ = {isa = PBXBuildFile; fileRef = 3520A186273445F300155E0D /* UserDefaultsDemoTests.swift */; };
		3520A192273445F300155E0D /* UserDefaultsDemoUITests.swift in Sources */ = {isa = PBXBuildFile; fileRef = 3520A191273445F300155E0D /* UserDefaultsDemoUITests.swift */; };
/* End PBXBuildFile section */

/* Begin PBXContainerItemProxy section */
		3520A183273445F300155E0D /* PBXContainerItemProxy */ = {
			isa = PBXContainerItemProxy;
			containerPortal = 3520A164273445F000155E0D /* Project object */;
			proxyType = 1;
			remoteGlobalIDString = 3520A16B273445F000155E0D;
			remoteInfo = UserDefaultsDemo;
		};
		3520A18E273445F300155E0D /* PBXContainerItemProxy */ = {
			isa = PBXContainerItemProxy;
			containerPortal = 3520A164273445F000155E0D /* Project object */;
			proxyType = 1;
			remoteGlobalIDString = 3520A16B273445F000155E0D;
			remoteInfo = UserDefaultsDemo;
		};
/* End PBXContainerItemProxy section */

/* Begin PBXFileReference section */
		3520A16C273445F000155E0D /* UserDefaultsDemo.app */ = {isa = PBXFileReference; explicitFileType = wrapper.application; includeInIndex = 0; path = UserDefaultsDemo.app; sourceTree = BUILT_PRODUCTS_DIR; };
		3520A16F273445F000155E0D /* AppDelegate.swift */ = {isa = PBXFileReference; lastKnownFileType = sourcecode.swift; path = AppDelegate.swift; sourceTree = "<group>"; };
		3520A171273445F000155E0D /* SceneDelegate.swift */ = {isa = PBXFileReference; lastKnownFileType = sourcecode.swift; path = SceneDelegate.swift; sourceTree = "<group>"; };
		3520A173273445F000155E0D /* ViewController.swift */ = {isa = PBXFileReference; lastKnownFileType = sourcecode.swift; path = ViewController.swift; sourceTree = "<group>"; };
		3520A176273445F000155E0D /* Base */ = {isa = PBXFileReference; lastKnownFileType = file.storyboard; name = Base; path = Base.lproj/Main.storyboard; sourceTree = "<group>"; };
		3520A178273445F300155E0D /* Assets.xcassets */ = {isa = PBXFileReference; lastKnownFileType = folder.assetcatalog; path = Assets.xcassets; sourceTree = "<group>"; };
		3520A17B273445F300155E0D /* Base */ = {isa = PBXFileReference; lastKnownFileType = file.storyboard; name = Base; path = Base.lproj/LaunchScreen.storyboard; sourceTree = "<group>"; };
		3520A17D273445F300155E0D /* Info.plist */ = {isa = PBXFileReference; lastKnownFileType = text.plist.xml; path = Info.plist; sourceTree = "<group>"; };
		3520A182273445F300155E0D /* UserDefaultsDemoTests.xctest */ = {isa = PBXFileReference; explicitFileType = wrapper.cfbundle; includeInIndex = 0; path = UserDefaultsDemoTests.xctest; sourceTree = BUILT_PRODUCTS_DIR; };
		3520A186273445F300155E0D /* UserDefaultsDemoTests.swift */ = {isa = PBXFileReference; lastKnownFileType = sourcecode.swift; path = UserDefaultsDemoTests.swift; sourceTree = "<group>"; };
		3520A188273445F300155E0D /* Info.plist */ = {isa = PBXFileReference; lastKnownFileType = text.plist.xml; path = Info.plist; sourceTree = "<group>"; };
		3520A18D273445F300155E0D /* UserDefaultsDemoUITests.xctest */ = {isa = PBXFileReference; explicitFileType = wrapper.cfbundle; includeInIndex = 0; path = UserDefaultsDemoUITests.xctest; sourceTree = BUILT_PRODUCTS_DIR; };
		3520A191273445F300155E0D /* UserDefaultsDemoUITests.swift */ = {isa = PBXFileReference; lastKnownFileType = sourcecode.swift; path = UserDefaultsDemoUITests.swift; sourceTree = "<group>"; };
		3520A193273445F300155E0D /* Info.plist */ = {isa = PBXFileReference; lastKnownFileType = text.plist.xml; path = Info.plist; sourceTree = "<group>"; };
/* End PBXFileReference section */

/* Begin PBXFrameworksBuildPhase section */
		3520A169273445F000155E0D /* Frameworks */ = {
			isa = PBXFrameworksBuildPhase;
			buildActionMask = 2147483647;
			files = (
			);
			runOnlyForDeploymentPostprocessing = 0;
		};
		3520A17F273445F300155E0D /* Frameworks */ = {
			isa = PBXFrameworksBuildPhase;
			buildActionMask = 2147483647;
			files = (
			);
			runOnlyForDeploymentPostprocessing = 0;
		};
		3520A18A273445F300155E0D /* Frameworks */ = {
			isa = PBXFrameworksBuildPhase;
			buildActionMask = 2147483647;
			files = (
			);
			runOnlyForDeploymentPostprocessing = 0;
		};
/* End PBXFrameworksBuildPhase section */

/* Begin PBXGroup section */
		3520A163273445F000155E0D = {
			isa = PBXGroup;
			children = (
				3520A16E273445F000155E0D /* UserDefaultsDemo */,
				3520A185273445F300155E0D /* UserDefaultsDemoTests */,
				3520A190273445F300155E0D /* UserDefaultsDemoUITests */,
				3520A16D273445F000155E0D /* Products */,
			);
			sourceTree = "<group>";
		};
		3520A16D273445F000155E0D /* Products */ = {
			isa = PBXGroup;
			children = (
				3520A16C273445F000155E0D /* UserDefaultsDemo.app */,
				3520A182273445F300155E0D /* UserDefaultsDemoTests.xctest */,
				3520A18D273445F300155E0D /* UserDefaultsDemoUITests.xctest */,
			);
			name = Products;
			sourceTree = "<group>";
		};
		3520A16E273445F000155E0D /* UserDefaultsDemo */ = {
			isa = PBXGroup;
			children = (
				3520A16F273445F000155E0D /* AppDelegate.swift */,
				3520A171273445F000155E0D /* SceneDelegate.swift */,
				3520A173273445F000155E0D /* ViewController.swift */,
				3520A175273445F000155E0D /* Main.storyboard */,
				3520A178273445F300155E0D /* Assets.xcassets */,
				3520A17A273445F300155E0D /* LaunchScreen.storyboard */,
				3520A17D273445F300155E0D /* Info.plist */,
			);
			path = UserDefaultsDemo;
			sourceTree = "<group>";
		};
		3520A185273445F300155E0D /* UserDefaultsDemoTests */ = {
			isa = PBXGroup;
			children = (
				3520A186273445F300155E0D /* UserDefaultsDemoTests.swift */,
				3520A188273445F300155E0D /* Info.plist */,
			);
			path = UserDefaultsDemoTests;
			sourceTree = "<group>";
		};
		3520A190273445F300155E0D /* UserDefaultsDemoUITests */ = {
			isa = PBXGroup;
			children = (
				3520A191273445F300155E0D /* UserDefaultsDemoUITests.swift */,
				3520A193273445F300155E0D /* Info.plist */,
			);
			path = UserDefaultsDemoUITests;
			sourceTree = "<group>";
		};
/* End PBXGroup section */

/* Begin PBXNativeTarget section */
		3520A16B273445F000155E0D /* UserDefaultsDemo */ = {
			isa = PBXNativeTarget;
			buildConfigurationList = 3520A196273445F300155E0D /* Build configuration list for PBXNativeTarget "UserDefaultsDemo" */;
			buildPhases = (
				3520A168273445F000155E0D /* Sources */,
				3520A169273445F000155E0D /* Frameworks */,
				3520A16A273445F000155E0D /* Resources */,
			);
			buildRules = (
			);
			dependencies = (
			);
			name = UserDefaultsDemo;
			productName = UserDefaultsDemo;
			productReference = 3520A16C273445F000155E0D /* UserDefaultsDemo.app */;
			productType = "com.apple.product-type.application";
		};
		3520A181273445F300155E0D /* UserDefaultsDemoTests */ = {
			isa = PBXNativeTarget;
			buildConfigurationList = 3520A199273445F300155E0D /* Build configuration list for PBXNativeTarget "UserDefaultsDemoTests" */;
			buildPhases = (
				3520A17E273445F300155E0D /* Sources */,
				3520A17F273445F300155E0D /* Frameworks */,
				3520A180273445F300155E0D /* Resources */,
			);
			buildRules = (
			);
			dependencies = (
				3520A184273445F300155E0D /* PBXTargetDependency */,
			);
			name = UserDefaultsDemoTests;
			productName = UserDefaultsDemoTests;
			productReference = 3520A182273445F300155E0D /* UserDefaultsDemoTests.xctest */;
			productType = "com.apple.product-type.bundle.unit-test";
		};
		3520A18C273445F300155E0D /* UserDefaultsDemoUITests */ = {
			isa = PBXNativeTarget;
			buildConfigurationList = 3520A19C273445F300155E0D /* Build configuration list for PBXNativeTarget "UserDefaultsDemoUITests" */;
			buildPhases = (
				3520A189273445F300155E0D /* Sources */,
				3520A18A273445F300155E0D /* Frameworks */,
				3520A18B273445F300155E0D /* Resources */,
			);
			buildRules = (
			);
			dependencies = (
				3520A18F273445F300155E0D /* PBXTargetDependency */,
			);
			name = UserDefaultsDemoUITests;
			productName = UserDefaultsDemoUITests;
			productReference = 3520A18D273445F300155E0D /* UserDefaultsDemoUITests.xctest */;
			productType = "com.apple.product-type.bundle.ui-testing";
		};
/* End PBXNativeTarget section */

/* Begin PBXProject section */
		3520A164273445F000155E0D /* Project object */ = {
			isa = PBXProject;
			attributes = {
				LastSwiftUpdateCheck = 1250;
				LastUpgradeCheck = 1250;
				TargetAttributes = {
					3520A16B273445F000155E0D = {
						CreatedOnToolsVersion = 12.5.1;
					};
					3520A181273445F300155E0D = {
						CreatedOnToolsVersion = 12.5.1;
						TestTargetID = 3520A16B273445F000155E0D;
					};
					3520A18C273445F300155E0D = {
						CreatedOnToolsVersion = 12.5.1;
						TestTargetID = 3520A16B273445F000155E0D;
					};
				};
			};
			buildConfigurationList = 3520A167273445F000155E0D /* Build configuration list for PBXProject "UserDefaultsDemo" */;
			compatibilityVersion = "Xcode 9.3";
			developmentRegion = en;
			hasScannedForEncodings = 0;
			knownRegions = (
				en,
				Base,
			);
			mainGroup = 3520A163273445F000155E0D;
			productRefGroup = 3520A16D273445F000155E0D /* Products */;
			projectDirPath = "";
			projectRoot = "";
			targets = (
				3520A16B273445F000155E0D /* UserDefaultsDemo */,
				3520A181273445F300155E0D /* UserDefaultsDemoTests */,
				3520A18C273445F300155E0D /* UserDefaultsDemoUITests */,
			);
		};
/* End PBXProject section */

/* Begin PBXResourcesBuildPhase section */
		3520A16A273445F000155E0D /* Resources */ = {
			isa = PBXResourcesBuildPhase;
			buildActionMask = 2147483647;
			files = (
				3520A17C273445F300155E0D /* LaunchScreen.storyboard in Resources */,
				3520A179273445F300155E0D /* Assets.xcassets in Resources */,
				3520A177273445F000155E0D /* Main.storyboard in Resources */,
			);
			runOnlyForDeploymentPostprocessing = 0;
		};
		3520A180273445F300155E0D /* Resources */ = {
			isa = PBXResourcesBuildPhase;
			buildActionMask = 2147483647;
			files = (
			);
			runOnlyForDeploymentPostprocessing = 0;
		};
		3520A18B273445F300155E0D /* Resources */ = {
			isa = PBXResourcesBuildPhase;
			buildActionMask = 2147483647;
			files = (
			);
			runOnlyForDeploymentPostprocessing = 0;
		};
/* End PBXResourcesBuildPhase section */

/* Begin PBXSourcesBuildPhase section */
		3520A168273445F000155E0D /* Sources */ = {
			isa = PBXSourcesBuildPhase;
			buildActionMask = 2147483647;
			files = (
				3520A174273445F000155E0D /* ViewController.swift in Sources */,
				3520A170273445F000155E0D /* AppDelegate.swift in Sources */,
				3520A172273445F000155E0D /* SceneDelegate.swift in Sources */,
			);
			runOnlyForDeploymentPostprocessing = 0;
		};
		3520A17E273445F300155E0D /* Sources */ = {
			isa = PBXSourcesBuildPhase;
			buildActionMask = 2147483647;
			files = (
				3520A187273445F300155E0D /* UserDefaultsDemoTests.swift in Sources */,
			);
			runOnlyForDeploymentPostprocessing = 0;
		};
		3520A189273445F300155E0D /* Sources */ = {
			isa = PBXSourcesBuildPhase;
			buildActionMask = 2147483647;
			files = (
				3520A192273445F300155E0D /* UserDefaultsDemoUITests.swift in Sources */,
			);
			runOnlyForDeploymentPostprocessing = 0;
		};
/* End PBXSourcesBuildPhase section */

/* Begin PBXTargetDependency section */
		3520A184273445F300155E0D /* PBXTargetDependency */ = {
			isa = PBXTargetDependency;
			target = 3520A16B273445F000155E0D /* UserDefaultsDemo */;
			targetProxy = 3520A183273445F300155E0D /* PBXContainerItemProxy */;
		};
		3520A18F273445F300155E0D /* PBXTargetDependency */ = {
			isa = PBXTargetDependency;
			target = 3520A16B273445F000155E0D /* UserDefaultsDemo */;
			targetProxy = 3520A18E273445F300155E0D /* PBXContainerItemProxy */;
		};
/* End PBXTargetDependency section */

/* Begin PBXVariantGroup section */
		3520A175273445F000155E0D /* Main.storyboard */ = {
			isa = PBXVariantGroup;
			children = (
				3520A176273445F000155E0D /* Base */,
			);
			name = Main.storyboard;
			sourceTree = "<group>";
		};
		3520A17A273445F300155E0D /* LaunchScreen.storyboard */ = {
			isa = PBXVariantGroup;
			children = (
				3520A17B273445F300155E0D /* Base */,
			);
			name = LaunchScreen.storyboard;
			sourceTree = "<group>";
		};
/* End PBXVariantGroup section */

/* Begin XCBuildConfiguration section */
		3520A194273445F300155E0D /* Debug */ = {
			isa = XCBuildConfiguration;
			buildSettings = {
				ALWAYS_SEARCH_USER_PATHS = NO;
				CLANG_ANALYZER_NONNULL = YES;
				CLANG_ANALYZER_NUMBER_OBJECT_CONVERSION = YES_AGGRESSIVE;
				CLANG_CXX_LANGUAGE_STANDARD = "gnu++14";
				CLANG_CXX_LIBRARY = "libc++";
				CLANG_ENABLE_MODULES = YES;
				CLANG_ENABLE_OBJC_ARC = YES;
				CLANG_ENABLE_OBJC_WEAK = YES;
				CLANG_WARN_BLOCK_CAPTURE_AUTORELEASING = YES;
				CLANG_WARN_BOOL_CONVERSION = YES;
				CLANG_WARN_COMMA = YES;
				CLANG_WARN_CONSTANT_CONVERSION = YES;
				CLANG_WARN_DEPRECATED_OBJC_IMPLEMENTATIONS = YES;
				CLANG_WARN_DIRECT_OBJC_ISA_USAGE = YES_ERROR;
				CLANG_WARN_DOCUMENTATION_COMMENTS = YES;
				CLANG_WARN_EMPTY_BODY = YES;
				CLANG_WARN_ENUM_CONVERSION = YES;
				CLANG_WARN_INFINITE_RECURSION = YES;
				CLANG_WARN_INT_CONVERSION = YES;
				CLANG_WARN_NON_LITERAL_NULL_CONVERSION = YES;
				CLANG_WARN_OBJC_IMPLICIT_RETAIN_SELF = YES;
				CLANG_WARN_OBJC_LITERAL_CONVERSION = YES;
				CLANG_WARN_OBJC_ROOT_CLASS = YES_ERROR;
				CLANG_WARN_QUOTED_INCLUDE_IN_FRAMEWORK_HEADER = YES;
				CLANG_WARN_RANGE_LOOP_ANALYSIS = YES;
				CLANG_WARN_STRICT_PROTOTYPES = YES;
				CLANG_WARN_SUSPICIOUS_MOVE = YES;
				CLANG_WARN_UNGUARDED_AVAILABILITY = YES_AGGRESSIVE;
				CLANG_WARN_UNREACHABLE_CODE = YES;
				CLANG_WARN__DUPLICATE_METHOD_MATCH = YES;
				COPY_PHASE_STRIP = NO;
				DEBUG_INFORMATION_FORMAT = dwarf;
				ENABLE_STRICT_OBJC_MSGSEND = YES;
				ENABLE_TESTABILITY = YES;
				GCC_C_LANGUAGE_STANDARD = gnu11;
				GCC_DYNAMIC_NO_PIC = NO;
				GCC_NO_COMMON_BLOCKS = YES;
				GCC_OPTIMIZATION_LEVEL = 0;
				GCC_PREPROCESSOR_DEFINITIONS = (
					"DEBUG=1",
					"$(inherited)",
				);
				GCC_WARN_64_TO_32_BIT_CONVERSION = YES;
				GCC_WARN_ABOUT_RETURN_TYPE = YES_ERROR;
				GCC_WARN_UNDECLARED_SELECTOR = YES;
				GCC_WARN_UNINITIALIZED_AUTOS = YES_AGGRESSIVE;
				GCC_WARN_UNUSED_FUNCTION = YES;
				GCC_WARN_UNUSED_VARIABLE = YES;
				IPHONEOS_DEPLOYMENT_TARGET = 14.5;
				MTL_ENABLE_DEBUG_INFO = INCLUDE_SOURCE;
				MTL_FAST_MATH = YES;
				ONLY_ACTIVE_ARCH = YES;
				SDKROOT = iphoneos;
				SWIFT_ACTIVE_COMPILATION_CONDITIONS = DEBUG;
				SWIFT_OPTIMIZATION_LEVEL = "-Onone";
			};
			name = Debug;
		};
		3520A195273445F300155E0D /* Release */ = {
			isa = XCBuildConfiguration;
			buildSettings = {
				ALWAYS_SEARCH_USER_PATHS = NO;
				CLANG_ANALYZER_NONNULL = YES;
				CLANG_ANALYZER_NUMBER_OBJECT_CONVERSION = YES_AGGRESSIVE;
				CLANG_CXX_LANGUAGE_STANDARD = "gnu++14";
				CLANG_CXX_LIBRARY = "libc++";
				CLANG_ENABLE_MODULES = YES;
				CLANG_ENABLE_OBJC_ARC = YES;
				CLANG_ENABLE_OBJC_WEAK = YES;
				CLANG_WARN_BLOCK_CAPTURE_AUTORELEASING = YES;
				CLANG_WARN_BOOL_CONVERSION = YES;
				CLANG_WARN_COMMA = YES;
				CLANG_WARN_CONSTANT_CONVERSION = YES;
				CLANG_WARN_DEPRECATED_OBJC_IMPLEMENTATIONS = YES;
				CLANG_WARN_DIRECT_OBJC_ISA_USAGE = YES_ERROR;
				CLANG_WARN_DOCUMENTATION_COMMENTS = YES;
				CLANG_WARN_EMPTY_BODY = YES;
				CLANG_WARN_ENUM_CONVERSION = YES;
				CLANG_WARN_INFINITE_RECURSION = YES;
				CLANG_WARN_INT_CONVERSION = YES;
				CLANG_WARN_NON_LITERAL_NULL_CONVERSION = YES;
				CLANG_WARN_OBJC_IMPLICIT_RETAIN_SELF = YES;
				CLANG_WARN_OBJC_LITERAL_CONVERSION = YES;
				CLANG_WARN_OBJC_ROOT_CLASS = YES_ERROR;
				CLANG_WARN_QUOTED_INCLUDE_IN_FRAMEWORK_HEADER = YES;
				CLANG_WARN_RANGE_LOOP_ANALYSIS = YES;
				CLANG_WARN_STRICT_PROTOTYPES = YES;
				CLANG_WARN_SUSPICIOUS_MOVE = YES;
				CLANG_WARN_UNGUARDED_AVAILABILITY = YES_AGGRESSIVE;
				CLANG_WARN_UNREACHABLE_CODE = YES;
				CLANG_WARN__DUPLICATE_METHOD_MATCH = YES;
				COPY_PHASE_STRIP = NO;
				DEBUG_INFORMATION_FORMAT = "dwarf-with-dsym";
				ENABLE_NS_ASSERTIONS = NO;
				ENABLE_STRICT_OBJC_MSGSEND = YES;
				GCC_C_LANGUAGE_STANDARD = gnu11;
				GCC_NO_COMMON_BLOCKS = YES;
				GCC_WARN_64_TO_32_BIT_CONVERSION = YES;
				GCC_WARN_ABOUT_RETURN_TYPE = YES_ERROR;
				GCC_WARN_UNDECLARED_SELECTOR = YES;
				GCC_WARN_UNINITIALIZED_AUTOS = YES_AGGRESSIVE;
				GCC_WARN_UNUSED_FUNCTION = YES;
				GCC_WARN_UNUSED_VARIABLE = YES;
				IPHONEOS_DEPLOYMENT_TARGET = 14.5;
				MTL_ENABLE_DEBUG_INFO = NO;
				MTL_FAST_MATH = YES;
				SDKROOT = iphoneos;
				SWIFT_COMPILATION_MODE = wholemodule;
				SWIFT_OPTIMIZATION_LEVEL = "-O";
				VALIDATE_PRODUCT = YES;
			};
			name = Release;
		};
		3520A197273445F300155E0D /* Debug */ = {
			isa = XCBuildConfiguration;
			buildSettings = {
				ASSETCATALOG_COMPILER_APPICON_NAME = AppIcon;
				ASSETCATALOG_COMPILER_GLOBAL_ACCENT_COLOR_NAME = AccentColor;
				CODE_SIGN_STYLE = Automatic;
				DEVELOPMENT_TEAM = TVYQC22742;
				INFOPLIST_FILE = UserDefaultsDemo/Info.plist;
				LD_RUNPATH_SEARCH_PATHS = (
					"$(inherited)",
					"@executable_path/Frameworks",
				);
				PRODUCT_BUNDLE_IDENTIFIER = carloswilsonperez.UserDefaultsDemo;
				PRODUCT_NAME = "$(TARGET_NAME)";
				SWIFT_VERSION = 5.0;
				TARGETED_DEVICE_FAMILY = "1,2";
			};
			name = Debug;
		};
		3520A198273445F300155E0D /* Release */ = {
			isa = XCBuildConfiguration;
			buildSettings = {
				ASSETCATALOG_COMPILER_APPICON_NAME = AppIcon;
				ASSETCATALOG_COMPILER_GLOBAL_ACCENT_COLOR_NAME = AccentColor;
				CODE_SIGN_STYLE = Automatic;
				DEVELOPMENT_TEAM = TVYQC22742;
				INFOPLIST_FILE = UserDefaultsDemo/Info.plist;
				LD_RUNPATH_SEARCH_PATHS = (
					"$(inherited)",
					"@executable_path/Frameworks",
				);
				PRODUCT_BUNDLE_IDENTIFIER = carloswilsonperez.UserDefaultsDemo;
				PRODUCT_NAME = "$(TARGET_NAME)";
				SWIFT_VERSION = 5.0;
				TARGETED_DEVICE_FAMILY = "1,2";
			};
			name = Release;
		};
		3520A19A273445F300155E0D /* Debug */ = {
			isa = XCBuildConfiguration;
			buildSettings = {
				ALWAYS_EMBED_SWIFT_STANDARD_LIBRARIES = YES;
				BUNDLE_LOADER = "$(TEST_HOST)";
				CODE_SIGN_STYLE = Automatic;
				DEVELOPMENT_TEAM = TVYQC22742;
				INFOPLIST_FILE = UserDefaultsDemoTests/Info.plist;
				IPHONEOS_DEPLOYMENT_TARGET = 14.5;
				LD_RUNPATH_SEARCH_PATHS = (
					"$(inherited)",
					"@executable_path/Frameworks",
					"@loader_path/Frameworks",
				);
				PRODUCT_BUNDLE_IDENTIFIER = carloswilsonperez.UserDefaultsDemoTests;
				PRODUCT_NAME = "$(TARGET_NAME)";
				SWIFT_VERSION = 5.0;
				TARGETED_DEVICE_FAMILY = "1,2";
				TEST_HOST = "$(BUILT_PRODUCTS_DIR)/UserDefaultsDemo.app/UserDefaultsDemo";
			};
			name = Debug;
		};
		3520A19B273445F300155E0D /* Release */ = {
			isa = XCBuildConfiguration;
			buildSettings = {
				ALWAYS_EMBED_SWIFT_STANDARD_LIBRARIES = YES;
				BUNDLE_LOADER = "$(TEST_HOST)";
				CODE_SIGN_STYLE = Automatic;
				DEVELOPMENT_TEAM = TVYQC22742;
				INFOPLIST_FILE = UserDefaultsDemoTests/Info.plist;
				IPHONEOS_DEPLOYMENT_TARGET = 14.5;
				LD_RUNPATH_SEARCH_PATHS = (
					"$(inherited)",
					"@executable_path/Frameworks",
					"@loader_path/Frameworks",
				);
				PRODUCT_BUNDLE_IDENTIFIER = carloswilsonperez.UserDefaultsDemoTests;
				PRODUCT_NAME = "$(TARGET_NAME)";
				SWIFT_VERSION = 5.0;
				TARGETED_DEVICE_FAMILY = "1,2";
				TEST_HOST = "$(BUILT_PRODUCTS_DIR)/UserDefaultsDemo.app/UserDefaultsDemo";
			};
			name = Release;
		};
		3520A19D273445F300155E0D /* Debug */ = {
			isa = XCBuildConfiguration;
			buildSettings = {
				ALWAYS_EMBED_SWIFT_STANDARD_LIBRARIES = YES;
				CODE_SIGN_STYLE = Automatic;
				DEVELOPMENT_TEAM = TVYQC22742;
				INFOPLIST_FILE = UserDefaultsDemoUITests/Info.plist;
				LD_RUNPATH_SEARCH_PATHS = (
					"$(inherited)",
					"@executable_path/Frameworks",
					"@loader_path/Frameworks",
				);
				PRODUCT_BUNDLE_IDENTIFIER = carloswilsonperez.UserDefaultsDemoUITests;
				PRODUCT_NAME = "$(TARGET_NAME)";
				SWIFT_VERSION = 5.0;
				TARGETED_DEVICE_FAMILY = "1,2";
				TEST_TARGET_NAME = UserDefaultsDemo;
			};
			name = Debug;
		};
		3520A19E273445F300155E0D /* Release */ = {
			isa = XCBuildConfiguration;
			buildSettings = {
				ALWAYS_EMBED_SWIFT_STANDARD_LIBRARIES = YES;
				CODE_SIGN_STYLE = Automatic;
				DEVELOPMENT_TEAM = TVYQC22742;
				INFOPLIST_FILE = UserDefaultsDemoUITests/Info.plist;
				LD_RUNPATH_SEARCH_PATHS = (
					"$(inherited)",
					"@executable_path/Frameworks",
					"@loader_path/Frameworks",
				);
				PRODUCT_BUNDLE_IDENTIFIER = carloswilsonperez.UserDefaultsDemoUITests;
				PRODUCT_NAME = "$(TARGET_NAME)";
				SWIFT_VERSION = 5.0;
				TARGETED_DEVICE_FAMILY = "1,2";
				TEST_TARGET_NAME = UserDefaultsDemo;
			};
			name = Release;
		};
/* End XCBuildConfiguration section */

/* Begin XCConfigurationList section */
		3520A167273445F000155E0D /* Build configuration list for PBXProject "UserDefaultsDemo" */ = {
			isa = XCConfigurationList;
			buildConfigurations = (
				3520A194273445F300155E0D /* Debug */,
				3520A195273445F300155E0D /* Release */,
			);
			defaultConfigurationIsVisible = 0;
			defaultConfigurationName = Release;
		};
		3520A196273445F300155E0D /* Build configuration list for PBXNativeTarget "UserDefaultsDemo" */ = {
			isa = XCConfigurationList;
			buildConfigurations = (
				3520A197273445F300155E0D /* Debug */,
				3520A198273445F300155E0D /* Release */,
			);
			defaultConfigurationIsVisible = 0;
			defaultConfigurationName = Release;
		};
		3520A199273445F300155E0D /* Build configuration list for PBXNativeTarget "UserDefaultsDemoTests" */ = {
			isa = XCConfigurationList;
			buildConfigurations = (
				3520A19A273445F300155E0D /* Debug */,
				3520A19B273445F300155E0D /* Release */,
			);
			defaultConfigurationIsVisible = 0;
			defaultConfigurationName = Release;
		};
		3520A19C273445F300155E0D /* Build configuration list for PBXNativeTarget "UserDefaultsDemoUITests" */ = {
			isa = XCConfigurationList;
			buildConfigurations = (
				3520A19D273445F300155E0D /* Debug */,
				3520A19E273445F300155E0D /* Release */,
			);
			defaultConfigurationIsVisible = 0;
			defaultConfigurationName = Release;
		};
/* End XCConfigurationList section */
	};
	rootObject = 3520A164273445F000155E0D /* Project object */;
}
